// !$*UTF8*$!
{
	archiveVersion = 1;
	classes = {
	};
	objectVersion = 46;
	objects = {
/* Begin PBXBuildFile section */
		0207DA581B56EA530066E2B4 /* Images.xcassets in Resources */ = {isa = PBXBuildFile; fileRef = 0207DA571B56EA530066E2B4 /* Images.xcassets */; };
		1D3623260D0F684500981E51 /* AppDelegate.m in Sources */ = {isa = PBXBuildFile; fileRef = 1D3623250D0F684500981E51 /* AppDelegate.m */; };
		1D60589B0D05DD56006BFB54 /* main.m in Sources */ = {isa = PBXBuildFile; fileRef = 29B97316FDCFA39411CA2CEA /* main.m */; };
		23E12C11145645E9B4B89B94 /* libiconv.dylib in Frameworks */ = {isa = PBXBuildFile; fileRef = A0A8A4DEEC6540D6862275E1 /* libiconv.dylib */; };
		2FE50FF148974AABA360CE88 /* CDVCapture.bundle in Resources */ = {isa = PBXBuildFile; fileRef = 36B3C0F660BE4533921EB5B4 /* CDVCapture.bundle */; };
		301BF552109A68D80062928A /* libCordova.a in Frameworks */ = {isa = PBXBuildFile; fileRef = 301BF535109A57CC0062928A /* libCordova.a */; };
		302D95F114D2391D003F00A1 /* MainViewController.m in Sources */ = {isa = PBXBuildFile; fileRef = 302D95EF14D2391D003F00A1 /* MainViewController.m */; };
		302D95F214D2391D003F00A1 /* MainViewController.xib in Resources */ = {isa = PBXBuildFile; fileRef = 302D95F014D2391D003F00A1 /* MainViewController.xib */; };
		34972BFCF5674969AB46F213 /* CDVVibration.m in Sources */ = {isa = PBXBuildFile; fileRef = 29ECD4A38B234E2C87549B7A /* CDVVibration.m */; };
		3E195B491CD949BE82748F1B /* CoreTelephony.framework in Frameworks */ = {isa = PBXBuildFile; fileRef = AC208D42CC134772973BBF0F /* CoreTelephony.framework */; };
		42AD613DEA2B42AB90648C7E /* libz.tbd in Frameworks */ = {isa = PBXBuildFile; fileRef = 8C790A8565B642B09EB44CCF /* libz.tbd */; };
		430070C42AD547818E79DAD5 /* scannerOverlay.xib in Resources */ = {isa = PBXBuildFile; fileRef = C52CC89F314C491E85BAB70B /* scannerOverlay.xib */; };
		54DF74BBB03140E5826E6612 /* zxing-all-in-one.cpp in Sources */ = {isa = PBXBuildFile; fileRef = FDB45BA6DA8D429B88E90037 /* zxing-all-in-one.cpp */; };
		5A18DE425D364B359402A657 /* ImageIO.framework in Frameworks */ = {isa = PBXBuildFile; fileRef = B24363A707AC4D038154A3A7 /* ImageIO.framework */; settings = {ATTRIBUTES = (Weak, ); }; };
		6264D296626D4ADC9D98F8AE /* CoreImage.framework in Frameworks */ = {isa = PBXBuildFile; fileRef = BAE12D0A27464D7D9C168821 /* CoreImage.framework */; };
		6AFF5BF91D6E424B00AB3073 /* CDVLaunchScreen.storyboard in Resources */ = {isa = PBXBuildFile; fileRef = 6AFF5BF81D6E424B00AB3073 /* CDVLaunchScreen.storyboard */; };
		6D62C5077E524977A1E8A897 /* CDVInAppBrowser.m in Sources */ = {isa = PBXBuildFile; fileRef = 6E5FB1C6A33F44A49E3CCCC2 /* CDVInAppBrowser.m */; };
		74946F02C0624F3795A09D59 /* SystemConfiguration.framework in Frameworks */ = {isa = PBXBuildFile; fileRef = 68B077C97478484B82154851 /* SystemConfiguration.framework */; settings = {ATTRIBUTES = (Weak, ); }; };
		832621082194425585F792E0 /* CDVConnection.m in Sources */ = {isa = PBXBuildFile; fileRef = 23A892720E904723BD6F50DC /* CDVConnection.m */; };
		851F4385CE3647C7802F0B32 /* CDVBarcodeScanner.mm in Sources */ = {isa = PBXBuildFile; fileRef = 9DA67CE7780C44C5854D7AD4 /* CDVBarcodeScanner.mm */; settings = {COMPILER_FLAGS = "-fno-objc-arc"; }; };
		8EC474C94D414BB08D25F33E /* CDVDevice.m in Sources */ = {isa = PBXBuildFile; fileRef = 2D1957BAE6114864BA1E2F89 /* CDVDevice.m */; };
		91054A066E7A42C49B087421 /* CDVNotification.bundle in Resources */ = {isa = PBXBuildFile; fileRef = 3645278BFEC14C54A1BE8EB1 /* CDVNotification.bundle */; };
		9DACC315AA3344D79A1C4739 /* CDVLocalFilesystem.m in Sources */ = {isa = PBXBuildFile; fileRef = 1E352D1FC1F34158800901AB /* CDVLocalFilesystem.m */; };
		AFC858062AB34052B72749D0 /* CDVPinDialog.m in Sources */ = {isa = PBXBuildFile; fileRef = F9FD41A3E8554B8F99978B66 /* CDVPinDialog.m */; };
		B52E9E28CABC4DD583E33110 /* AVFoundation.framework in Frameworks */ = {isa = PBXBuildFile; fileRef = 53393890FF2B416BB28A8431 /* AVFoundation.framework */; };
		B69CF176F7184066A632B849 /* CDVBattery.m in Sources */ = {isa = PBXBuildFile; fileRef = 7D9F5463F4D44EF4A4EBC94A /* CDVBattery.m */; };
		BB772A7EE4D0449880BD2AE1 /* CoreVideo.framework in Frameworks */ = {isa = PBXBuildFile; fileRef = C6A28DC00A164E9BA9910E0F /* CoreVideo.framework */; };
		C52B8AFFE0914B76B84D83C6 /* CDVLocation.m in Sources */ = {isa = PBXBuildFile; fileRef = 8164C2443D0542FC9B14D86B /* CDVLocation.m */; };
		C70AB7D0FB0E41F49283BE94 /* CDVBarcodeScanner.bundle in Resources */ = {isa = PBXBuildFile; fileRef = BC78750343074F47947EC220 /* CDVBarcodeScanner.bundle */; };
		CECAC5FC290C40C29CA764A3 /* CDVGlobalization.m in Sources */ = {isa = PBXBuildFile; fileRef = D790B17490D1471A90D01EE9 /* CDVGlobalization.m */; };
		D68061AAE5794C629FF78200 /* CoreLocation.framework in Frameworks */ = {isa = PBXBuildFile; fileRef = 2799D4A0BD7F4856B122F8B0 /* CoreLocation.framework */; };
		D6AF207B56EF47D9A0ABBE59 /* CDVFile.m in Sources */ = {isa = PBXBuildFile; fileRef = 1A176CE755B64255B6AB5348 /* CDVFile.m */; };
		DB3D7033E3044B9692931269 /* CDVAssetLibraryFilesystem.m in Sources */ = {isa = PBXBuildFile; fileRef = 3FEEE0495883442BAAF4382E /* CDVAssetLibraryFilesystem.m */; };
		DD814D7ECF074CDAB417EA85 /* CDVNotification.m in Sources */ = {isa = PBXBuildFile; fileRef = B29888D8ED524E88A4D70D27 /* CDVNotification.m */; };
		DF64E4F16F914DC48A95C00B /* CDVReachability.m in Sources */ = {isa = PBXBuildFile; fileRef = FF746F7958F84B9D809B67CD /* CDVReachability.m */; };
		E58D34768FCC4ACB96D5897B /* CDVJpegHeaderWriter.m in Sources */ = {isa = PBXBuildFile; fileRef = F633729E2B8645B2B206C1C6 /* CDVJpegHeaderWriter.m */; };
		EC14CA0CA2F34E1FA42B70A4 /* AudioToolbox.framework in Frameworks */ = {isa = PBXBuildFile; fileRef = EA9AA1E62D644DDAA4B9F51D /* AudioToolbox.framework */; settings = {ATTRIBUTES = (Weak, ); }; };
		EF4E2B84C56244BBA29D3026 /* CDVCamera.m in Sources */ = {isa = PBXBuildFile; fileRef = 42F1EF2F8BF341FC9EA3B70B /* CDVCamera.m */; };
		F0300C27514D4982AC81718E /* CDVCapture.m in Sources */ = {isa = PBXBuildFile; fileRef = 72F57EB10BE74363BD924A86 /* CDVCapture.m */; };
		F0D50833210E4DF58AC5B994 /* QuartzCore.framework in Frameworks */ = {isa = PBXBuildFile; fileRef = D8C3068A45B54C42B7C74AE6 /* QuartzCore.framework */; };
		FA69791C803D431584DE1892 /* UIImage+CropScaleOrientation.m in Sources */ = {isa = PBXBuildFile; fileRef = DDEB5FD31DAA4D439701BCBC /* UIImage+CropScaleOrientation.m */; };
		24B19A62FD824F9089CD9D9A /* CDVFileTransfer.m in Sources */ = {isa = PBXBuildFile; fileRef = 7F0781B461A84D7CA1152EEC /* CDVFileTransfer.m */; };
		4273F385C6B24F7A8BCC1E1B /* TouchID.m in Sources */ = {isa = PBXBuildFile; fileRef = 4CEFFA2C06D342AB863D99BB /* TouchID.m */; };
		F1AF71728F9D44EA8201CE77 /* LocalAuthentication.framework in Frameworks */ = {isa = PBXBuildFile; fileRef = 6C3AE34BCA26416D9E8E15C5 /* LocalAuthentication.framework */; };
		757F6529718F4124BF540222 /* Security.framework in Frameworks */ = {isa = PBXBuildFile; fileRef = 4753D0A4C19349839DF420EE /* Security.framework */; };
/* End PBXBuildFile section */

/* Begin PBXContainerItemProxy section */
		301BF534109A57CC0062928A /* PBXContainerItemProxy */ = {
			isa = PBXContainerItemProxy;
			containerPortal = 301BF52D109A57CC0062928A /* CordovaLib/CordovaLib.xcodeproj */;
			proxyType = 2;
			remoteGlobalIDString = D2AAC07E0554694100DB518D;
			remoteInfo = CordovaLib;
		};
		301BF550109A68C00062928A /* PBXContainerItemProxy */ = {
			isa = PBXContainerItemProxy;
			containerPortal = 301BF52D109A57CC0062928A /* CordovaLib/CordovaLib.xcodeproj */;
			proxyType = 1;
			remoteGlobalIDString = D2AAC07D0554694100DB518D;
			remoteInfo = CordovaLib;
		};
		389001141FA777BE009DCEBE /* PBXContainerItemProxy */ = {
			isa = PBXContainerItemProxy;
			containerPortal = 301BF52D109A57CC0062928A /* CordovaLib/CordovaLib.xcodeproj */;
			proxyType = 2;
			remoteGlobalIDString = C0C01EB21E3911D50056E6CB;
			remoteInfo = Cordova;
		};
/* End PBXContainerItemProxy section */

/* Begin PBXFileReference section */
		0207DA571B56EA530066E2B4 /* Images.xcassets */ = {isa = PBXFileReference; lastKnownFileType = folder.assetcatalog; name = Images.xcassets; path = "Field Technician/Images.xcassets"; sourceTree = SOURCE_ROOT; };
		02E83D3A1D934BEEB3381230 /* CDVCamera.h */ = {isa = PBXFileReference; explicitFileType = undefined; fileEncoding = 4; includeInIndex = 0; lastKnownFileType = sourcecode.c.h; name = CDVCamera.h; path = "cordova-plugin-camera/CDVCamera.h"; sourceTree = "<group>"; };
		16E2138A2EAF432199B14D92 /* CDVLocation.h */ = {isa = PBXFileReference; explicitFileType = undefined; fileEncoding = 4; includeInIndex = 0; lastKnownFileType = sourcecode.c.h; name = CDVLocation.h; path = "cordova-plugin-geolocation/CDVLocation.h"; sourceTree = "<group>"; };
		18ADE1B0CC9045CDB551C20B /* CDVAssetLibraryFilesystem.h */ = {isa = PBXFileReference; explicitFileType = undefined; fileEncoding = 4; includeInIndex = 0; lastKnownFileType = sourcecode.c.h; name = CDVAssetLibraryFilesystem.h; path = "cordova-plugin-file/CDVAssetLibraryFilesystem.h"; sourceTree = "<group>"; };
		1A176CE755B64255B6AB5348 /* CDVFile.m */ = {isa = PBXFileReference; explicitFileType = undefined; fileEncoding = 4; includeInIndex = 0; lastKnownFileType = sourcecode.c.objc; name = CDVFile.m; path = "cordova-plugin-file/CDVFile.m"; sourceTree = "<group>"; };
		1C465AC83CF542C68346590D /* CDVExif.h */ = {isa = PBXFileReference; explicitFileType = undefined; fileEncoding = 4; includeInIndex = 0; lastKnownFileType = sourcecode.c.h; name = CDVExif.h; path = "cordova-plugin-camera/CDVExif.h"; sourceTree = "<group>"; };
		1D3623240D0F684500981E51 /* AppDelegate.h */ = {isa = PBXFileReference; fileEncoding = 4; lastKnownFileType = sourcecode.c.h; path = AppDelegate.h; sourceTree = "<group>"; };
		1D3623250D0F684500981E51 /* AppDelegate.m */ = {isa = PBXFileReference; fileEncoding = 4; lastKnownFileType = sourcecode.c.objc; path = AppDelegate.m; sourceTree = "<group>"; };
		1D6058910D05DD3D006BFB54 /* Field Technician.app */ = {isa = PBXFileReference; explicitFileType = wrapper.application; includeInIndex = 0; path = "Field Technician.app"; sourceTree = BUILT_PRODUCTS_DIR; };
		1E352D1FC1F34158800901AB /* CDVLocalFilesystem.m */ = {isa = PBXFileReference; explicitFileType = undefined; fileEncoding = 4; includeInIndex = 0; lastKnownFileType = sourcecode.c.objc; name = CDVLocalFilesystem.m; path = "cordova-plugin-file/CDVLocalFilesystem.m"; sourceTree = "<group>"; };
		23A892720E904723BD6F50DC /* CDVConnection.m */ = {isa = PBXFileReference; explicitFileType = undefined; fileEncoding = 4; includeInIndex = 0; lastKnownFileType = sourcecode.c.objc; name = CDVConnection.m; path = "cordova-plugin-network-information/CDVConnection.m"; sourceTree = "<group>"; };
		2799D4A0BD7F4856B122F8B0 /* CoreLocation.framework */ = {isa = PBXFileReference; explicitFileType = undefined; fileEncoding = 9; includeInIndex = 0; lastKnownFileType = wrapper.framework; name = CoreLocation.framework; path = System/Library/Frameworks/CoreLocation.framework; sourceTree = SDKROOT; };
		29B97316FDCFA39411CA2CEA /* main.m */ = {isa = PBXFileReference; fileEncoding = 4; lastKnownFileType = sourcecode.c.objc; path = main.m; sourceTree = "<group>"; };
		29ECD4A38B234E2C87549B7A /* CDVVibration.m */ = {isa = PBXFileReference; explicitFileType = undefined; fileEncoding = 4; includeInIndex = 0; lastKnownFileType = sourcecode.c.objc; name = CDVVibration.m; path = "cordova-plugin-vibration/CDVVibration.m"; sourceTree = "<group>"; };
		2D1957BAE6114864BA1E2F89 /* CDVDevice.m */ = {isa = PBXFileReference; explicitFileType = undefined; fileEncoding = 4; includeInIndex = 0; lastKnownFileType = sourcecode.c.objc; name = CDVDevice.m; path = "cordova-plugin-device/CDVDevice.m"; sourceTree = "<group>"; };
		301BF52D109A57CC0062928A /* CordovaLib/CordovaLib.xcodeproj */ = {isa = PBXFileReference; lastKnownFileType = "wrapper.pb-project"; path = CordovaLib/CordovaLib.xcodeproj; sourceTree = "<group>"; };
		301BF56E109A69640062928A /* www */ = {isa = PBXFileReference; lastKnownFileType = folder; path = www; sourceTree = SOURCE_ROOT; };
		302D95EE14D2391D003F00A1 /* MainViewController.h */ = {isa = PBXFileReference; fileEncoding = 4; lastKnownFileType = sourcecode.c.h; path = MainViewController.h; sourceTree = "<group>"; };
		302D95EF14D2391D003F00A1 /* MainViewController.m */ = {isa = PBXFileReference; fileEncoding = 4; lastKnownFileType = sourcecode.c.objc; path = MainViewController.m; sourceTree = "<group>"; };
		302D95F014D2391D003F00A1 /* MainViewController.xib */ = {isa = PBXFileReference; fileEncoding = 4; lastKnownFileType = file.xib; path = MainViewController.xib; sourceTree = "<group>"; };
		3047A50F1AB8059700498E2A /* build-debug.xcconfig */ = {isa = PBXFileReference; fileEncoding = 4; lastKnownFileType = text.xcconfig; name = "build-debug.xcconfig"; path = "cordova/build-debug.xcconfig"; sourceTree = SOURCE_ROOT; };
		3047A5101AB8059700498E2A /* build-release.xcconfig */ = {isa = PBXFileReference; fileEncoding = 4; lastKnownFileType = text.xcconfig; name = "build-release.xcconfig"; path = "cordova/build-release.xcconfig"; sourceTree = SOURCE_ROOT; };
		3047A5111AB8059700498E2A /* build.xcconfig */ = {isa = PBXFileReference; fileEncoding = 4; lastKnownFileType = text.xcconfig; name = build.xcconfig; path = cordova/build.xcconfig; sourceTree = SOURCE_ROOT; };
		32CA4F630368D1EE00C91783 /* Field Technician-Prefix.pch */ = {isa = PBXFileReference; fileEncoding = 4; lastKnownFileType = sourcecode.c.h; path = "Field Technician-Prefix.pch"; sourceTree = "<group>"; };
		3645278BFEC14C54A1BE8EB1 /* CDVNotification.bundle */ = {isa = PBXFileReference; explicitFileType = undefined; fileEncoding = 9; includeInIndex = 0; lastKnownFileType = "wrapper.plug-in"; path = CDVNotification.bundle; sourceTree = "<group>"; };
		36B3C0F660BE4533921EB5B4 /* CDVCapture.bundle */ = {isa = PBXFileReference; explicitFileType = undefined; fileEncoding = 9; includeInIndex = 0; lastKnownFileType = "wrapper.plug-in"; path = CDVCapture.bundle; sourceTree = "<group>"; };
		3AA652C0FF774626B105C42A /* zxing-all-in-one.h */ = {isa = PBXFileReference; explicitFileType = undefined; fileEncoding = 4; includeInIndex = 0; lastKnownFileType = sourcecode.c.h; name = "zxing-all-in-one.h"; path = "phonegap-plugin-barcodescanner/zxing-all-in-one.h"; sourceTree = "<group>"; };
		3B5BE5D40288496F9219C239 /* CDVInAppBrowser.h */ = {isa = PBXFileReference; explicitFileType = undefined; fileEncoding = 4; includeInIndex = 0; lastKnownFileType = sourcecode.c.h; name = CDVInAppBrowser.h; path = "cordova-plugin-inappbrowser/CDVInAppBrowser.h"; sourceTree = "<group>"; };
		3FEEE0495883442BAAF4382E /* CDVAssetLibraryFilesystem.m */ = {isa = PBXFileReference; explicitFileType = undefined; fileEncoding = 4; includeInIndex = 0; lastKnownFileType = sourcecode.c.objc; name = CDVAssetLibraryFilesystem.m; path = "cordova-plugin-file/CDVAssetLibraryFilesystem.m"; sourceTree = "<group>"; };
		42F1EF2F8BF341FC9EA3B70B /* CDVCamera.m */ = {isa = PBXFileReference; explicitFileType = undefined; fileEncoding = 4; includeInIndex = 0; lastKnownFileType = sourcecode.c.objc; name = CDVCamera.m; path = "cordova-plugin-camera/CDVCamera.m"; sourceTree = "<group>"; };
		4EFC07483E274D03A34748B8 /* CDVPinDialog.h */ = {isa = PBXFileReference; explicitFileType = undefined; fileEncoding = 4; includeInIndex = 0; lastKnownFileType = sourcecode.c.h; name = CDVPinDialog.h; path = "cordova-plugin-pin-dialog/CDVPinDialog.h"; sourceTree = "<group>"; };
		53393890FF2B416BB28A8431 /* AVFoundation.framework */ = {isa = PBXFileReference; explicitFileType = undefined; fileEncoding = 9; includeInIndex = 0; lastKnownFileType = wrapper.framework; name = AVFoundation.framework; path = System/Library/Frameworks/AVFoundation.framework; sourceTree = SDKROOT; };
		5C88BF6E27A0433B942D5106 /* CDVLocalFilesystem.h */ = {isa = PBXFileReference; explicitFileType = undefined; fileEncoding = 4; includeInIndex = 0; lastKnownFileType = sourcecode.c.h; name = CDVLocalFilesystem.h; path = "cordova-plugin-file/CDVLocalFilesystem.h"; sourceTree = "<group>"; };
		60BEBD3CD5484E4496789563 /* CDVVibration.h */ = {isa = PBXFileReference; explicitFileType = undefined; fileEncoding = 4; includeInIndex = 0; lastKnownFileType = sourcecode.c.h; name = CDVVibration.h; path = "cordova-plugin-vibration/CDVVibration.h"; sourceTree = "<group>"; };
		61BCF3114D0C4B3FBFAED736 /* CDVReachability.h */ = {isa = PBXFileReference; explicitFileType = undefined; fileEncoding = 4; includeInIndex = 0; lastKnownFileType = sourcecode.c.h; name = CDVReachability.h; path = "cordova-plugin-network-information/CDVReachability.h"; sourceTree = "<group>"; };
		68B077C97478484B82154851 /* SystemConfiguration.framework */ = {isa = PBXFileReference; explicitFileType = undefined; fileEncoding = 9; includeInIndex = 0; lastKnownFileType = wrapper.framework; name = SystemConfiguration.framework; path = System/Library/Frameworks/SystemConfiguration.framework; sourceTree = SDKROOT; };
		6AFF5BF81D6E424B00AB3073 /* CDVLaunchScreen.storyboard */ = {isa = PBXFileReference; fileEncoding = 4; lastKnownFileType = file.storyboard; name = CDVLaunchScreen.storyboard; path = "Field Technician/CDVLaunchScreen.storyboard"; sourceTree = SOURCE_ROOT; };
		6E5FB1C6A33F44A49E3CCCC2 /* CDVInAppBrowser.m */ = {isa = PBXFileReference; explicitFileType = undefined; fileEncoding = 4; includeInIndex = 0; lastKnownFileType = sourcecode.c.objc; name = CDVInAppBrowser.m; path = "cordova-plugin-inappbrowser/CDVInAppBrowser.m"; sourceTree = "<group>"; };
		72F57EB10BE74363BD924A86 /* CDVCapture.m */ = {isa = PBXFileReference; explicitFileType = undefined; fileEncoding = 4; includeInIndex = 0; lastKnownFileType = sourcecode.c.objc; name = CDVCapture.m; path = "cordova-plugin-media-capture/CDVCapture.m"; sourceTree = "<group>"; };
		7BDE72398AB643CAAEC859CD /* CDVBattery.h */ = {isa = PBXFileReference; explicitFileType = undefined; fileEncoding = 4; includeInIndex = 0; lastKnownFileType = sourcecode.c.h; name = CDVBattery.h; path = "cordova-plugin-battery-status/CDVBattery.h"; sourceTree = "<group>"; };
		7D9F5463F4D44EF4A4EBC94A /* CDVBattery.m */ = {isa = PBXFileReference; explicitFileType = undefined; fileEncoding = 4; includeInIndex = 0; lastKnownFileType = sourcecode.c.objc; name = CDVBattery.m; path = "cordova-plugin-battery-status/CDVBattery.m"; sourceTree = "<group>"; };
		8164C2443D0542FC9B14D86B /* CDVLocation.m */ = {isa = PBXFileReference; explicitFileType = undefined; fileEncoding = 4; includeInIndex = 0; lastKnownFileType = sourcecode.c.objc; name = CDVLocation.m; path = "cordova-plugin-geolocation/CDVLocation.m"; sourceTree = "<group>"; };
		882269B188AA411E92EAE37C /* CDVGlobalization.h */ = {isa = PBXFileReference; explicitFileType = undefined; fileEncoding = 4; includeInIndex = 0; lastKnownFileType = sourcecode.c.h; name = CDVGlobalization.h; path = "cordova-plugin-globalization/CDVGlobalization.h"; sourceTree = "<group>"; };
		8975E8800BAA4A7FAA6469A9 /* CDVNotification.h */ = {isa = PBXFileReference; explicitFileType = undefined; fileEncoding = 4; includeInIndex = 0; lastKnownFileType = sourcecode.c.h; name = CDVNotification.h; path = "cordova-plugin-dialogs/CDVNotification.h"; sourceTree = "<group>"; };
		8C790A8565B642B09EB44CCF /* libz.tbd */ = {isa = PBXFileReference; explicitFileType = undefined; fileEncoding = 9; includeInIndex = 0; lastKnownFileType = "sourcecode.text-based-dylib-definition"; name = libz.tbd; path = usr/lib/libz.tbd; sourceTree = SDKROOT; };
		8D1107310486CEB800E47090 /* Field Technician-Info.plist */ = {isa = PBXFileReference; fileEncoding = 4; lastKnownFileType = text.plist.xml; name = "Field Technician-Info.plist"; path = "Field Technician/Field Technician-Info.plist"; plistStructureDefinitionIdentifier = "com.apple.xcode.plist.structure-definition.iphone.info-plist"; sourceTree = SOURCE_ROOT; };
		9609908FFCA0413FAA8AFF4D /* CDVCapture.h */ = {isa = PBXFileReference; explicitFileType = undefined; fileEncoding = 4; includeInIndex = 0; lastKnownFileType = sourcecode.c.h; name = CDVCapture.h; path = "cordova-plugin-media-capture/CDVCapture.h"; sourceTree = "<group>"; };
		973B152F73294259AFC4AEF3 /* CDVJpegHeaderWriter.h */ = {isa = PBXFileReference; explicitFileType = undefined; fileEncoding = 4; includeInIndex = 0; lastKnownFileType = sourcecode.c.h; name = CDVJpegHeaderWriter.h; path = "cordova-plugin-camera/CDVJpegHeaderWriter.h"; sourceTree = "<group>"; };
		9DA67CE7780C44C5854D7AD4 /* CDVBarcodeScanner.mm */ = {isa = PBXFileReference; explicitFileType = undefined; fileEncoding = 9; includeInIndex = 0; lastKnownFileType = unknown; name = CDVBarcodeScanner.mm; path = "phonegap-plugin-barcodescanner/CDVBarcodeScanner.mm"; sourceTree = "<group>"; };
		A0A8A4DEEC6540D6862275E1 /* libiconv.dylib */ = {isa = PBXFileReference; explicitFileType = undefined; fileEncoding = 9; includeInIndex = 0; lastKnownFileType = "compiled.mach-o.dylib"; name = libiconv.dylib; path = usr/lib/libiconv.dylib; sourceTree = SDKROOT; };
		AC208D42CC134772973BBF0F /* CoreTelephony.framework */ = {isa = PBXFileReference; explicitFileType = undefined; fileEncoding = 9; includeInIndex = 0; lastKnownFileType = wrapper.framework; name = CoreTelephony.framework; path = System/Library/Frameworks/CoreTelephony.framework; sourceTree = SDKROOT; };
		B1E003E40A1D467CA98DB720 /* UIImage+CropScaleOrientation.h */ = {isa = PBXFileReference; explicitFileType = undefined; fileEncoding = 4; includeInIndex = 0; lastKnownFileType = sourcecode.c.h; name = "UIImage+CropScaleOrientation.h"; path = "cordova-plugin-camera/UIImage+CropScaleOrientation.h"; sourceTree = "<group>"; };
		B24363A707AC4D038154A3A7 /* ImageIO.framework */ = {isa = PBXFileReference; explicitFileType = undefined; fileEncoding = 9; includeInIndex = 0; lastKnownFileType = wrapper.framework; name = ImageIO.framework; path = System/Library/Frameworks/ImageIO.framework; sourceTree = SDKROOT; };
		B29888D8ED524E88A4D70D27 /* CDVNotification.m */ = {isa = PBXFileReference; explicitFileType = undefined; fileEncoding = 4; includeInIndex = 0; lastKnownFileType = sourcecode.c.objc; name = CDVNotification.m; path = "cordova-plugin-dialogs/CDVNotification.m"; sourceTree = "<group>"; };
		BAE12D0A27464D7D9C168821 /* CoreImage.framework */ = {isa = PBXFileReference; explicitFileType = undefined; fileEncoding = 9; includeInIndex = 0; lastKnownFileType = wrapper.framework; name = CoreImage.framework; path = System/Library/Frameworks/CoreImage.framework; sourceTree = SDKROOT; };
		BC78750343074F47947EC220 /* CDVBarcodeScanner.bundle */ = {isa = PBXFileReference; explicitFileType = undefined; fileEncoding = 9; includeInIndex = 0; lastKnownFileType = "wrapper.plug-in"; path = CDVBarcodeScanner.bundle; sourceTree = "<group>"; };
		C52CC89F314C491E85BAB70B /* scannerOverlay.xib */ = {isa = PBXFileReference; explicitFileType = undefined; fileEncoding = 9; includeInIndex = 0; lastKnownFileType = file.xib; path = scannerOverlay.xib; sourceTree = "<group>"; };
		C6A28DC00A164E9BA9910E0F /* CoreVideo.framework */ = {isa = PBXFileReference; explicitFileType = undefined; fileEncoding = 9; includeInIndex = 0; lastKnownFileType = wrapper.framework; name = CoreVideo.framework; path = System/Library/Frameworks/CoreVideo.framework; sourceTree = SDKROOT; };
		D790B17490D1471A90D01EE9 /* CDVGlobalization.m */ = {isa = PBXFileReference; explicitFileType = undefined; fileEncoding = 4; includeInIndex = 0; lastKnownFileType = sourcecode.c.objc; name = CDVGlobalization.m; path = "cordova-plugin-globalization/CDVGlobalization.m"; sourceTree = "<group>"; };
		D8C3068A45B54C42B7C74AE6 /* QuartzCore.framework */ = {isa = PBXFileReference; explicitFileType = undefined; fileEncoding = 9; includeInIndex = 0; lastKnownFileType = wrapper.framework; name = QuartzCore.framework; path = System/Library/Frameworks/QuartzCore.framework; sourceTree = SDKROOT; };
		DDEB5FD31DAA4D439701BCBC /* UIImage+CropScaleOrientation.m */ = {isa = PBXFileReference; explicitFileType = undefined; fileEncoding = 4; includeInIndex = 0; lastKnownFileType = sourcecode.c.objc; name = "UIImage+CropScaleOrientation.m"; path = "cordova-plugin-camera/UIImage+CropScaleOrientation.m"; sourceTree = "<group>"; };
		EA9AA1E62D644DDAA4B9F51D /* AudioToolbox.framework */ = {isa = PBXFileReference; explicitFileType = undefined; fileEncoding = 9; includeInIndex = 0; lastKnownFileType = wrapper.framework; name = AudioToolbox.framework; path = System/Library/Frameworks/AudioToolbox.framework; sourceTree = SDKROOT; };
		EB87FDF31871DA8E0020F90C /* www */ = {isa = PBXFileReference; lastKnownFileType = folder; name = www; path = ../../www; sourceTree = "<group>"; };
		EB87FDF41871DAF40020F90C /* config.xml */ = {isa = PBXFileReference; lastKnownFileType = text.xml; name = config.xml; path = ../../config.xml; sourceTree = "<group>"; };
		ED33DF2A687741AEAF9F8254 /* Bridging-Header.h */ = {isa = PBXFileReference; fileEncoding = 4; lastKnownFileType = sourcecode.c.h; path = "Bridging-Header.h"; sourceTree = "<group>"; };
		EDD43AA28B5D46C8901A5D4C /* CDVFile.h */ = {isa = PBXFileReference; explicitFileType = undefined; fileEncoding = 4; includeInIndex = 0; lastKnownFileType = sourcecode.c.h; name = CDVFile.h; path = "cordova-plugin-file/CDVFile.h"; sourceTree = "<group>"; };
		F02286BAB3E44591B1A71067 /* CDVDevice.h */ = {isa = PBXFileReference; explicitFileType = undefined; fileEncoding = 4; includeInIndex = 0; lastKnownFileType = sourcecode.c.h; name = CDVDevice.h; path = "cordova-plugin-device/CDVDevice.h"; sourceTree = "<group>"; };
		F11DAE1C3232466AB51990D5 /* CDVConnection.h */ = {isa = PBXFileReference; explicitFileType = undefined; fileEncoding = 4; includeInIndex = 0; lastKnownFileType = sourcecode.c.h; name = CDVConnection.h; path = "cordova-plugin-network-information/CDVConnection.h"; sourceTree = "<group>"; };
		F633729E2B8645B2B206C1C6 /* CDVJpegHeaderWriter.m */ = {isa = PBXFileReference; explicitFileType = undefined; fileEncoding = 4; includeInIndex = 0; lastKnownFileType = sourcecode.c.objc; name = CDVJpegHeaderWriter.m; path = "cordova-plugin-camera/CDVJpegHeaderWriter.m"; sourceTree = "<group>"; };
		F840E1F0165FE0F500CFE078 /* config.xml */ = {isa = PBXFileReference; lastKnownFileType = text.xml; name = config.xml; path = "Field Technician/config.xml"; sourceTree = "<group>"; };
		F9FD41A3E8554B8F99978B66 /* CDVPinDialog.m */ = {isa = PBXFileReference; explicitFileType = undefined; fileEncoding = 4; includeInIndex = 0; lastKnownFileType = sourcecode.c.objc; name = CDVPinDialog.m; path = "cordova-plugin-pin-dialog/CDVPinDialog.m"; sourceTree = "<group>"; };
		FDB45BA6DA8D429B88E90037 /* zxing-all-in-one.cpp */ = {isa = PBXFileReference; explicitFileType = undefined; fileEncoding = 9; includeInIndex = 0; lastKnownFileType = unknown; name = "zxing-all-in-one.cpp"; path = "phonegap-plugin-barcodescanner/zxing-all-in-one.cpp"; sourceTree = "<group>"; };
		FF746F7958F84B9D809B67CD /* CDVReachability.m */ = {isa = PBXFileReference; explicitFileType = undefined; fileEncoding = 4; includeInIndex = 0; lastKnownFileType = sourcecode.c.objc; name = CDVReachability.m; path = "cordova-plugin-network-information/CDVReachability.m"; sourceTree = "<group>"; };
		7F0781B461A84D7CA1152EEC /* CDVFileTransfer.m */ = {isa = PBXFileReference; name = "CDVFileTransfer.m"; path = "cordova-plugin-file-transfer/CDVFileTransfer.m"; sourceTree = "<group>"; fileEncoding = 4; lastKnownFileType = sourcecode.c.objc; explicitFileType = undefined; includeInIndex = 0; };
		B0E15C46ACDA482F935D84B4 /* CDVFileTransfer.h */ = {isa = PBXFileReference; name = "CDVFileTransfer.h"; path = "cordova-plugin-file-transfer/CDVFileTransfer.h"; sourceTree = "<group>"; fileEncoding = 4; lastKnownFileType = sourcecode.c.h; explicitFileType = undefined; includeInIndex = 0; };
		4CEFFA2C06D342AB863D99BB /* TouchID.m */ = {isa = PBXFileReference; name = "TouchID.m"; path = "cordova-plugin-touch-id/TouchID.m"; sourceTree = "<group>"; fileEncoding = 4; lastKnownFileType = sourcecode.c.objc; explicitFileType = undefined; includeInIndex = 0; };
		B7413D1A69D046E78150A3EA /* TouchID.h */ = {isa = PBXFileReference; name = "TouchID.h"; path = "cordova-plugin-touch-id/TouchID.h"; sourceTree = "<group>"; fileEncoding = 4; lastKnownFileType = sourcecode.c.h; explicitFileType = undefined; includeInIndex = 0; };
		6C3AE34BCA26416D9E8E15C5 /* LocalAuthentication.framework */ = {isa = PBXFileReference; name = "LocalAuthentication.framework"; path = "System/Library/Frameworks/LocalAuthentication.framework"; sourceTree = SDKROOT; fileEncoding = undefined; lastKnownFileType = wrapper.framework; explicitFileType = undefined; includeInIndex = 0; };
		4753D0A4C19349839DF420EE /* Security.framework */ = {isa = PBXFileReference; name = "Security.framework"; path = "System/Library/Frameworks/Security.framework"; sourceTree = SDKROOT; fileEncoding = undefined; lastKnownFileType = wrapper.framework; explicitFileType = undefined; includeInIndex = 0; };
/* End PBXFileReference section */

/* Begin PBXFrameworksBuildPhase section */
		1D60588F0D05DD3D006BFB54 /* Frameworks */ = {
			isa = PBXFrameworksBuildPhase;
			buildActionMask = 2147483647;
			files = (
				301BF552109A68D80062928A /* libCordova.a in Frameworks */,
				5A18DE425D364B359402A657 /* ImageIO.framework in Frameworks */,
				D68061AAE5794C629FF78200 /* CoreLocation.framework in Frameworks */,
				B52E9E28CABC4DD583E33110 /* AVFoundation.framework in Frameworks */,
				42AD613DEA2B42AB90648C7E /* libz.tbd in Frameworks */,
				EC14CA0CA2F34E1FA42B70A4 /* AudioToolbox.framework in Frameworks */,
				74946F02C0624F3795A09D59 /* SystemConfiguration.framework in Frameworks */,
				3E195B491CD949BE82748F1B /* CoreTelephony.framework in Frameworks */,
				23E12C11145645E9B4B89B94 /* libiconv.dylib in Frameworks */,
				BB772A7EE4D0449880BD2AE1 /* CoreVideo.framework in Frameworks */,
				F0D50833210E4DF58AC5B994 /* QuartzCore.framework in Frameworks */,
				6264D296626D4ADC9D98F8AE /* CoreImage.framework in Frameworks */,
				F1AF71728F9D44EA8201CE77 /* LocalAuthentication.framework in Frameworks */,
				757F6529718F4124BF540222 /* Security.framework in Frameworks */,
			);
			runOnlyForDeploymentPostprocessing = 0;
		};
/* End PBXFrameworksBuildPhase section */

/* Begin PBXGroup section */
		080E96DDFE201D6D7F000001 /* Classes */ = {
			isa = PBXGroup;
			children = (
				302D95EE14D2391D003F00A1 /* MainViewController.h */,
				302D95EF14D2391D003F00A1 /* MainViewController.m */,
				302D95F014D2391D003F00A1 /* MainViewController.xib */,
				1D3623240D0F684500981E51 /* AppDelegate.h */,
				1D3623250D0F684500981E51 /* AppDelegate.m */,
			);
			name = Classes;
			path = "Field Technician/Classes";
			sourceTree = SOURCE_ROOT;
		};
		19C28FACFE9D520D11CA2CBB /* Products */ = {
			isa = PBXGroup;
			children = (
				1D6058910D05DD3D006BFB54 /* Field Technician.app */,
			);
			name = Products;
			sourceTree = "<group>";
		};
		29B97314FDCFA39411CA2CEA /* CustomTemplate */ = {
			isa = PBXGroup;
			children = (
				EB87FDF41871DAF40020F90C /* config.xml */,
				EB87FDF31871DA8E0020F90C /* www */,
				EB87FDF11871DA420020F90C /* Staging */,
				301BF52D109A57CC0062928A /* CordovaLib/CordovaLib.xcodeproj */,
				080E96DDFE201D6D7F000001 /* Classes */,
				307C750510C5A3420062BCA9 /* Plugins */,
				29B97315FDCFA39411CA2CEA /* Other Sources */,
				29B97317FDCFA39411CA2CEA /* Resources */,
				29B97323FDCFA39411CA2CEA /* Frameworks */,
				19C28FACFE9D520D11CA2CBB /* Products */,
			);
			name = CustomTemplate;
			sourceTree = "<group>";
		};
		29B97315FDCFA39411CA2CEA /* Other Sources */ = {
			isa = PBXGroup;
			children = (
				32CA4F630368D1EE00C91783 /* Field Technician-Prefix.pch */,
				29B97316FDCFA39411CA2CEA /* main.m */,
				ED33DF2A687741AEAF9F8254 /* Bridging-Header.h */,
			);
			name = "Other Sources";
			path = "Field Technician";
			sourceTree = "<group>";
		};
		29B97317FDCFA39411CA2CEA /* Resources */ = {
			isa = PBXGroup;
			children = (
				0207DA571B56EA530066E2B4 /* Images.xcassets */,
				3047A50E1AB8057F00498E2A /* config */,
				8D1107310486CEB800E47090 /* Field Technician-Info.plist */,
				6AFF5BF81D6E424B00AB3073 /* CDVLaunchScreen.storyboard */,
				36B3C0F660BE4533921EB5B4 /* CDVCapture.bundle */,
				3645278BFEC14C54A1BE8EB1 /* CDVNotification.bundle */,
				C52CC89F314C491E85BAB70B /* scannerOverlay.xib */,
				BC78750343074F47947EC220 /* CDVBarcodeScanner.bundle */,
			);
			name = Resources;
			path = "Field Technician/Resources";
			sourceTree = "<group>";
		};
		29B97323FDCFA39411CA2CEA /* Frameworks */ = {
			isa = PBXGroup;
			children = (
				B24363A707AC4D038154A3A7 /* ImageIO.framework */,
				2799D4A0BD7F4856B122F8B0 /* CoreLocation.framework */,
				53393890FF2B416BB28A8431 /* AVFoundation.framework */,
				8C790A8565B642B09EB44CCF /* libz.tbd */,
				EA9AA1E62D644DDAA4B9F51D /* AudioToolbox.framework */,
				68B077C97478484B82154851 /* SystemConfiguration.framework */,
				AC208D42CC134772973BBF0F /* CoreTelephony.framework */,
				A0A8A4DEEC6540D6862275E1 /* libiconv.dylib */,
				C6A28DC00A164E9BA9910E0F /* CoreVideo.framework */,
				D8C3068A45B54C42B7C74AE6 /* QuartzCore.framework */,
				BAE12D0A27464D7D9C168821 /* CoreImage.framework */,
				6C3AE34BCA26416D9E8E15C5 /* LocalAuthentication.framework */,
				4753D0A4C19349839DF420EE /* Security.framework */,
			);
			name = Frameworks;
			sourceTree = "<group>";
		};
		301BF52E109A57CC0062928A /* Products */ = {
			isa = PBXGroup;
			children = (
				301BF535109A57CC0062928A /* libCordova.a */,
				389001151FA777BE009DCEBE /* Cordova.framework */,
			);
			name = Products;
			sourceTree = "<group>";
		};
		3047A50E1AB8057F00498E2A /* config */ = {
			isa = PBXGroup;
			children = (
				3047A50F1AB8059700498E2A /* build-debug.xcconfig */,
				3047A5101AB8059700498E2A /* build-release.xcconfig */,
				3047A5111AB8059700498E2A /* build.xcconfig */,
			);
			name = config;
			sourceTree = "<group>";
		};
		307C750510C5A3420062BCA9 /* Plugins */ = {
			isa = PBXGroup;
			children = (
				7D9F5463F4D44EF4A4EBC94A /* CDVBattery.m */,
				7BDE72398AB643CAAEC859CD /* CDVBattery.h */,
				DDEB5FD31DAA4D439701BCBC /* UIImage+CropScaleOrientation.m */,
				42F1EF2F8BF341FC9EA3B70B /* CDVCamera.m */,
				F633729E2B8645B2B206C1C6 /* CDVJpegHeaderWriter.m */,
				B1E003E40A1D467CA98DB720 /* UIImage+CropScaleOrientation.h */,
				02E83D3A1D934BEEB3381230 /* CDVCamera.h */,
				973B152F73294259AFC4AEF3 /* CDVJpegHeaderWriter.h */,
				1C465AC83CF542C68346590D /* CDVExif.h */,
				1A176CE755B64255B6AB5348 /* CDVFile.m */,
				1E352D1FC1F34158800901AB /* CDVLocalFilesystem.m */,
				3FEEE0495883442BAAF4382E /* CDVAssetLibraryFilesystem.m */,
				EDD43AA28B5D46C8901A5D4C /* CDVFile.h */,
				5C88BF6E27A0433B942D5106 /* CDVLocalFilesystem.h */,
				18ADE1B0CC9045CDB551C20B /* CDVAssetLibraryFilesystem.h */,
				72F57EB10BE74363BD924A86 /* CDVCapture.m */,
				9609908FFCA0413FAA8AFF4D /* CDVCapture.h */,
				2D1957BAE6114864BA1E2F89 /* CDVDevice.m */,
				F02286BAB3E44591B1A71067 /* CDVDevice.h */,
				B29888D8ED524E88A4D70D27 /* CDVNotification.m */,
				8975E8800BAA4A7FAA6469A9 /* CDVNotification.h */,
				8164C2443D0542FC9B14D86B /* CDVLocation.m */,
				16E2138A2EAF432199B14D92 /* CDVLocation.h */,
				D790B17490D1471A90D01EE9 /* CDVGlobalization.m */,
				882269B188AA411E92EAE37C /* CDVGlobalization.h */,
				6E5FB1C6A33F44A49E3CCCC2 /* CDVInAppBrowser.m */,
				3B5BE5D40288496F9219C239 /* CDVInAppBrowser.h */,
				23A892720E904723BD6F50DC /* CDVConnection.m */,
				FF746F7958F84B9D809B67CD /* CDVReachability.m */,
				F11DAE1C3232466AB51990D5 /* CDVConnection.h */,
				61BCF3114D0C4B3FBFAED736 /* CDVReachability.h */,
				29ECD4A38B234E2C87549B7A /* CDVVibration.m */,
				60BEBD3CD5484E4496789563 /* CDVVibration.h */,
				9DA67CE7780C44C5854D7AD4 /* CDVBarcodeScanner.mm */,
				FDB45BA6DA8D429B88E90037 /* zxing-all-in-one.cpp */,
				3AA652C0FF774626B105C42A /* zxing-all-in-one.h */,
				F9FD41A3E8554B8F99978B66 /* CDVPinDialog.m */,
				4EFC07483E274D03A34748B8 /* CDVPinDialog.h */,
				7F0781B461A84D7CA1152EEC /* CDVFileTransfer.m */,
				B0E15C46ACDA482F935D84B4 /* CDVFileTransfer.h */,
				4CEFFA2C06D342AB863D99BB /* TouchID.m */,
				B7413D1A69D046E78150A3EA /* TouchID.h */,
			);
			name = Plugins;
			path = "Field Technician/Plugins";
			sourceTree = SOURCE_ROOT;
		};
		EB87FDF11871DA420020F90C /* Staging */ = {
			isa = PBXGroup;
			children = (
				F840E1F0165FE0F500CFE078 /* config.xml */,
				301BF56E109A69640062928A /* www */,
			);
			name = Staging;
			sourceTree = "<group>";
		};
/* End PBXGroup section */

/* Begin PBXNativeTarget section */
		1D6058900D05DD3D006BFB54 /* Field Technician */ = {
			isa = PBXNativeTarget;
			buildConfigurationList = 1D6058960D05DD3E006BFB54 /* Build configuration list for PBXNativeTarget "Field Technician" */;
			buildPhases = (
				304B58A110DAC018002A0835 /* Copy www directory */,
				1D60588D0D05DD3D006BFB54 /* Resources */,
				1D60588E0D05DD3D006BFB54 /* Sources */,
				1D60588F0D05DD3D006BFB54 /* Frameworks */,
			);
			buildRules = (
			);
			dependencies = (
				301BF551109A68C00062928A /* PBXTargetDependency */,
			);
			name = "Field Technician";
			productName = "Field Technician";
			productReference = 1D6058910D05DD3D006BFB54 /* Field Technician.app */;
			productType = "com.apple.product-type.application";
		};
/* End PBXNativeTarget section */

/* Begin PBXProject section */
		29B97313FDCFA39411CA2CEA /* Project object */ = {
			isa = PBXProject;
			attributes = {
				LastUpgradeCheck = 510;
				TargetAttributes = {
					1D6058900D05DD3D006BFB54 = {
						DevelopmentTeam = V67X43U2L2;
					};
				};
			};
			buildConfigurationList = C01FCF4E08A954540054247B /* Build configuration list for PBXProject "Field Technician" */;
			compatibilityVersion = "Xcode 3.2";
			developmentRegion = English;
			hasScannedForEncodings = 1;
			knownRegions = (
				en,
			);
			mainGroup = 29B97314FDCFA39411CA2CEA /* CustomTemplate */;
			projectDirPath = "";
			projectReferences = (
				{
					ProductGroup = 301BF52E109A57CC0062928A /* Products */;
					ProjectRef = 301BF52D109A57CC0062928A /* CordovaLib/CordovaLib.xcodeproj */;
				},
			);
			projectRoot = "";
			targets = (
				1D6058900D05DD3D006BFB54 /* Field Technician */,
			);
		};
/* End PBXProject section */

/* Begin PBXReferenceProxy section */
		301BF535109A57CC0062928A /* libCordova.a */ = {
			isa = PBXReferenceProxy;
			fileType = archive.ar;
			path = libCordova.a;
			remoteRef = 301BF534109A57CC0062928A /* PBXContainerItemProxy */;
			sourceTree = BUILT_PRODUCTS_DIR;
		};
		389001151FA777BE009DCEBE /* Cordova.framework */ = {
			isa = PBXReferenceProxy;
			fileType = wrapper.framework;
			path = Cordova.framework;
			remoteRef = 389001141FA777BE009DCEBE /* PBXContainerItemProxy */;
			sourceTree = BUILT_PRODUCTS_DIR;
		};
/* End PBXReferenceProxy section */

/* Begin PBXResourcesBuildPhase section */
		1D60588D0D05DD3D006BFB54 /* Resources */ = {
			isa = PBXResourcesBuildPhase;
			buildActionMask = 2147483647;
			files = (
				302D95F214D2391D003F00A1 /* MainViewController.xib in Resources */,
				0207DA581B56EA530066E2B4 /* Images.xcassets in Resources */,
				6AFF5BF91D6E424B00AB3073 /* CDVLaunchScreen.storyboard in Resources */,
				2FE50FF148974AABA360CE88 /* CDVCapture.bundle in Resources */,
				91054A066E7A42C49B087421 /* CDVNotification.bundle in Resources */,
				430070C42AD547818E79DAD5 /* scannerOverlay.xib in Resources */,
				C70AB7D0FB0E41F49283BE94 /* CDVBarcodeScanner.bundle in Resources */,
			);
			runOnlyForDeploymentPostprocessing = 0;
		};
/* End PBXResourcesBuildPhase section */

/* Begin PBXShellScriptBuildPhase section */
		304B58A110DAC018002A0835 /* Copy www directory */ = {
			isa = PBXShellScriptBuildPhase;
			buildActionMask = 2147483647;
			files = (
			);
			inputPaths = (
			);
			name = "Copy www directory";
			outputPaths = (
			);
			runOnlyForDeploymentPostprocessing = 0;
			shellPath = /bin/sh;
			shellScript = "NODEJS_PATH=/usr/local/bin; NVM_NODE_PATH=~/.nvm/versions/node/`nvm version 2>/dev/null`/bin; N_NODE_PATH=`find /usr/local/n/versions/node/* -maxdepth 0 -type d 2>/dev/null | tail -1`/bin; XCODE_NODE_PATH=`xcode-select --print-path`/usr/share/xcs/Node/bin; PATH=$NODEJS_PATH:$NVM_NODE_PATH:$N_NODE_PATH:$XCODE_NODE_PATH:$PATH && node cordova/lib/copy-www-build-step.js";
			showEnvVarsInLog = 0;
		};
/* End PBXShellScriptBuildPhase section */

/* Begin PBXSourcesBuildPhase section */
		1D60588E0D05DD3D006BFB54 /* Sources */ = {
			isa = PBXSourcesBuildPhase;
			buildActionMask = 2147483647;
			files = (
				1D60589B0D05DD56006BFB54 /* main.m in Sources */,
				1D3623260D0F684500981E51 /* AppDelegate.m in Sources */,
				302D95F114D2391D003F00A1 /* MainViewController.m in Sources */,
				B69CF176F7184066A632B849 /* CDVBattery.m in Sources */,
				FA69791C803D431584DE1892 /* UIImage+CropScaleOrientation.m in Sources */,
				EF4E2B84C56244BBA29D3026 /* CDVCamera.m in Sources */,
				E58D34768FCC4ACB96D5897B /* CDVJpegHeaderWriter.m in Sources */,
				D6AF207B56EF47D9A0ABBE59 /* CDVFile.m in Sources */,
				9DACC315AA3344D79A1C4739 /* CDVLocalFilesystem.m in Sources */,
				DB3D7033E3044B9692931269 /* CDVAssetLibraryFilesystem.m in Sources */,
				F0300C27514D4982AC81718E /* CDVCapture.m in Sources */,
				8EC474C94D414BB08D25F33E /* CDVDevice.m in Sources */,
				DD814D7ECF074CDAB417EA85 /* CDVNotification.m in Sources */,
				C52B8AFFE0914B76B84D83C6 /* CDVLocation.m in Sources */,
				CECAC5FC290C40C29CA764A3 /* CDVGlobalization.m in Sources */,
				6D62C5077E524977A1E8A897 /* CDVInAppBrowser.m in Sources */,
				832621082194425585F792E0 /* CDVConnection.m in Sources */,
				DF64E4F16F914DC48A95C00B /* CDVReachability.m in Sources */,
				34972BFCF5674969AB46F213 /* CDVVibration.m in Sources */,
				851F4385CE3647C7802F0B32 /* CDVBarcodeScanner.mm in Sources */,
				54DF74BBB03140E5826E6612 /* zxing-all-in-one.cpp in Sources */,
				AFC858062AB34052B72749D0 /* CDVPinDialog.m in Sources */,
				24B19A62FD824F9089CD9D9A /* CDVFileTransfer.m in Sources */,
				4273F385C6B24F7A8BCC1E1B /* TouchID.m in Sources */,
			);
			runOnlyForDeploymentPostprocessing = 0;
		};
/* End PBXSourcesBuildPhase section */

/* Begin PBXTargetDependency section */
		301BF551109A68C00062928A /* PBXTargetDependency */ = {
			isa = PBXTargetDependency;
			name = CordovaLib;
			targetProxy = 301BF550109A68C00062928A /* PBXContainerItemProxy */;
		};
/* End PBXTargetDependency section */

/* Begin XCBuildConfiguration section */
		1D6058940D05DD3E006BFB54 /* Debug */ = {
			isa = XCBuildConfiguration;
			baseConfigurationReference = 3047A50F1AB8059700498E2A /* build-debug.xcconfig */;
			buildSettings = {
				ALWAYS_SEARCH_USER_PATHS = NO;
				ASSETCATALOG_COMPILER_APPICON_NAME = AppIcon;
				ASSETCATALOG_COMPILER_LAUNCHIMAGE_NAME = LaunchImage;
				CLANG_ENABLE_MODULES = YES;
				CLANG_ENABLE_OBJC_ARC = YES;
				COPY_PHASE_STRIP = NO;
				DEVELOPMENT_TEAM = V67X43U2L2;
				GCC_DYNAMIC_NO_PIC = NO;
				GCC_OPTIMIZATION_LEVEL = 0;
				GCC_PRECOMPILE_PREFIX_HEADER = YES;
				GCC_PREFIX_HEADER = "Field Technician/Field Technician-Prefix.pch";
				GCC_THUMB_SUPPORT = NO;
				GCC_VERSION = "";
				INFOPLIST_FILE = "Field Technician/Field Technician-Info.plist";
				IPHONEOS_DEPLOYMENT_TARGET = 9.0;
				LD_RUNPATH_SEARCH_PATHS = "@executable_path/Frameworks";
				PRODUCT_NAME = "Field Technician";
				TARGETED_DEVICE_FAMILY = "1,2";
			};
			name = Debug;
		};
		1D6058950D05DD3E006BFB54 /* Release */ = {
			isa = XCBuildConfiguration;
			baseConfigurationReference = 3047A5101AB8059700498E2A /* build-release.xcconfig */;
			buildSettings = {
				ALWAYS_SEARCH_USER_PATHS = NO;
				ASSETCATALOG_COMPILER_APPICON_NAME = AppIcon;
				ASSETCATALOG_COMPILER_LAUNCHIMAGE_NAME = LaunchImage;
				CLANG_ENABLE_MODULES = YES;
				CLANG_ENABLE_OBJC_ARC = YES;
				COPY_PHASE_STRIP = YES;
				DEVELOPMENT_TEAM = V67X43U2L2;
				GCC_PRECOMPILE_PREFIX_HEADER = YES;
				GCC_PREFIX_HEADER = "Field Technician/Field Technician-Prefix.pch";
				GCC_THUMB_SUPPORT = NO;
				GCC_VERSION = "";
				INFOPLIST_FILE = "Field Technician/Field Technician-Info.plist";
				IPHONEOS_DEPLOYMENT_TARGET = 9.0;
				LD_RUNPATH_SEARCH_PATHS = "@executable_path/Frameworks";
				PRODUCT_NAME = "Field Technician";
				TARGETED_DEVICE_FAMILY = "1,2";
			};
			name = Release;
		};
		C01FCF4F08A954540054247B /* Debug */ = {
			isa = XCBuildConfiguration;
			baseConfigurationReference = 3047A5111AB8059700498E2A /* build.xcconfig */;
			buildSettings = {
				ASSETCATALOG_COMPILER_LAUNCHIMAGE_NAME = LaunchImage;
				CLANG_ENABLE_MODULES = YES;
				CLANG_ENABLE_OBJC_ARC = YES;
				CLANG_WARN_BOOL_CONVERSION = YES;
				CLANG_WARN_CONSTANT_CONVERSION = YES;
				CLANG_WARN_EMPTY_BODY = YES;
				CLANG_WARN_ENUM_CONVERSION = YES;
				CLANG_WARN_INT_CONVERSION = YES;
				CLANG_WARN__DUPLICATE_METHOD_MATCH = YES;
				GCC_C_LANGUAGE_STANDARD = c99;
				GCC_THUMB_SUPPORT = NO;
				GCC_VERSION = "";
				GCC_WARN_ABOUT_RETURN_TYPE = YES;
				GCC_WARN_UNDECLARED_SELECTOR = YES;
				GCC_WARN_UNINITIALIZED_AUTOS = YES;
				GCC_WARN_UNUSED_FUNCTION = YES;
				GCC_WARN_UNUSED_VARIABLE = YES;
				ONLY_ACTIVE_ARCH = YES;
				SDKROOT = iphoneos;
				SKIP_INSTALL = NO;
			};
			name = Debug;
		};
		C01FCF5008A954540054247B /* Release */ = {
			isa = XCBuildConfiguration;
			baseConfigurationReference = 3047A5111AB8059700498E2A /* build.xcconfig */;
			buildSettings = {
				ASSETCATALOG_COMPILER_LAUNCHIMAGE_NAME = LaunchImage;
				CLANG_ENABLE_MODULES = YES;
				CLANG_ENABLE_OBJC_ARC = YES;
				CLANG_WARN_BOOL_CONVERSION = YES;
				CLANG_WARN_CONSTANT_CONVERSION = YES;
				CLANG_WARN_EMPTY_BODY = YES;
				CLANG_WARN_ENUM_CONVERSION = YES;
				CLANG_WARN_INT_CONVERSION = YES;
				CLANG_WARN__DUPLICATE_METHOD_MATCH = YES;
				GCC_C_LANGUAGE_STANDARD = c99;
				GCC_THUMB_SUPPORT = NO;
				GCC_VERSION = "";
				GCC_WARN_ABOUT_RETURN_TYPE = YES;
				GCC_WARN_UNDECLARED_SELECTOR = YES;
				GCC_WARN_UNINITIALIZED_AUTOS = YES;
				GCC_WARN_UNUSED_FUNCTION = YES;
				GCC_WARN_UNUSED_VARIABLE = YES;
				SDKROOT = iphoneos;
				SKIP_INSTALL = NO;
			};
			name = Release;
		};
/* End XCBuildConfiguration section */

/* Begin XCConfigurationList section */
		1D6058960D05DD3E006BFB54 /* Build configuration list for PBXNativeTarget "Field Technician" */ = {
			isa = XCConfigurationList;
			buildConfigurations = (
				1D6058940D05DD3E006BFB54 /* Debug */,
				1D6058950D05DD3E006BFB54 /* Release */,
			);
			defaultConfigurationIsVisible = 0;
			defaultConfigurationName = Release;
		};
		C01FCF4E08A954540054247B /* Build configuration list for PBXProject "Field Technician" */ = {
			isa = XCConfigurationList;
			buildConfigurations = (
				C01FCF4F08A954540054247B /* Debug */,
				C01FCF5008A954540054247B /* Release */,
			);
			defaultConfigurationIsVisible = 0;
			defaultConfigurationName = Release;
		};
/* End XCConfigurationList section */
	};
	rootObject = 29B97313FDCFA39411CA2CEA /* Project object */;
}
