// !$*UTF8*$!
{
	archiveVersion = 1;
	classes = {
	};
	objectVersion = 46;
	objects = {

/* Begin PBXBuildFile section */
		0207DA581B56EA530066E2B4 /* Images.xcassets in Resources */ = {isa = PBXBuildFile; fileRef = 0207DA571B56EA530066E2B4 /* Images.xcassets */; };
		042B0DBC365441058C444A5C /* CDVInAppBrowser.m in Sources */ = {isa = PBXBuildFile; fileRef = 2F2D956C601B414AB0043B14 /* CDVInAppBrowser.m */; };
		0684C8167D2B42DF9DA4CE5E /* LocalAuthentication.framework in Frameworks */ = {isa = PBXBuildFile; fileRef = 7A072FA97A7B428CA95CF780 /* LocalAuthentication.framework */; };
		092069D858D8402EA3199CA4 /* CDVAssetLibraryFilesystem.m in Sources */ = {isa = PBXBuildFile; fileRef = 4E8DF07C63A34DDE97A6261A /* CDVAssetLibraryFilesystem.m */; };
		166945A700474CAB991B9C56 /* CDVDevice.m in Sources */ = {isa = PBXBuildFile; fileRef = 0099830E55AB462C8E57524A /* CDVDevice.m */; };
		167B7F24843A422D938BCEE5 /* CDVConnection.m in Sources */ = {isa = PBXBuildFile; fileRef = 973E684D3DB045F9BCBE4AE7 /* CDVConnection.m */; };
		17A9A995EFDD4F689E4E70B0 /* CDVCamera.m in Sources */ = {isa = PBXBuildFile; fileRef = 957C771361D441C6AD964E2C /* CDVCamera.m */; };
		1D3623260D0F684500981E51 /* AppDelegate.m in Sources */ = {isa = PBXBuildFile; fileRef = 1D3623250D0F684500981E51 /* AppDelegate.m */; };
		1D60589B0D05DD56006BFB54 /* main.m in Sources */ = {isa = PBXBuildFile; fileRef = 29B97316FDCFA39411CA2CEA /* main.m */; };
		29B6D408EDF3419B95762926 /* AVFoundation.framework in Frameworks */ = {isa = PBXBuildFile; fileRef = A1AD3F0BB1994143ACAB7DB6 /* AVFoundation.framework */; };
		2A137EC381C34B778C8AEC4B /* CDVJpegHeaderWriter.m in Sources */ = {isa = PBXBuildFile; fileRef = 33060FFBD0D2400D8222A0CB /* CDVJpegHeaderWriter.m */; };
		2D61827BCC0F44E181147B66 /* CDVLocalFilesystem.m in Sources */ = {isa = PBXBuildFile; fileRef = B5C5E0F820A54E9C99398CC6 /* CDVLocalFilesystem.m */; };
		2D7CB29E95E848F5B0F2CED3 /* scannerOverlay.xib in Resources */ = {isa = PBXBuildFile; fileRef = C7F58CDE21C448BAB1B5B854 /* scannerOverlay.xib */; };
		301BF552109A68D80062928A /* libCordova.a in Frameworks */ = {isa = PBXBuildFile; fileRef = 301BF535109A57CC0062928A /* libCordova.a */; };
		302D95F114D2391D003F00A1 /* MainViewController.m in Sources */ = {isa = PBXBuildFile; fileRef = 302D95EF14D2391D003F00A1 /* MainViewController.m */; };
		302D95F214D2391D003F00A1 /* MainViewController.xib in Resources */ = {isa = PBXBuildFile; fileRef = 302D95F014D2391D003F00A1 /* MainViewController.xib */; };
		587A08BBFB2349088E03E930 /* CDVFileTransfer.m in Sources */ = {isa = PBXBuildFile; fileRef = DC7A9FE28D3A40089039F464 /* CDVFileTransfer.m */; };
		5D329509ADB242C9BFB60045 /* CDVNotification.m in Sources */ = {isa = PBXBuildFile; fileRef = 4C61D00656254D748FF68691 /* CDVNotification.m */; };
		5E71A636239D45E1908C400F /* libiconv.dylib in Frameworks */ = {isa = PBXBuildFile; fileRef = 463C1C4752C94D58915E9D5E /* libiconv.dylib */; };
		5F5E4CE937A24C67A01B44C1 /* AudioToolbox.framework in Frameworks */ = {isa = PBXBuildFile; fileRef = 50672839F1DD4F0D9D5ECE04 /* AudioToolbox.framework */; settings = {ATTRIBUTES = (Weak, ); }; };
		606AB1FE18B24DD188FA55D5 /* CoreTelephony.framework in Frameworks */ = {isa = PBXBuildFile; fileRef = 3A724A7C322845D2AB99EE56 /* CoreTelephony.framework */; };
		6081FDEDD2AE4027827A2F1A /* libz.tbd in Frameworks */ = {isa = PBXBuildFile; fileRef = 03270179CC254DE7AA07B209 /* libz.tbd */; };
		6AFF5BF91D6E424B00AB3073 /* CDVLaunchScreen.storyboard in Resources */ = {isa = PBXBuildFile; fileRef = 6AFF5BF81D6E424B00AB3073 /* CDVLaunchScreen.storyboard */; };
		71FDDA6BB26E45D38AA81237 /* CDVCapture.bundle in Resources */ = {isa = PBXBuildFile; fileRef = 5D440D6550D74491816D6B13 /* CDVCapture.bundle */; };
		7280C4226ABB478B98E9722C /* zxing-all-in-one.cpp in Sources */ = {isa = PBXBuildFile; fileRef = D09BB0D933EE4801B071F356 /* zxing-all-in-one.cpp */; };
		747162A5D0894853B5937A0F /* ImageIO.framework in Frameworks */ = {isa = PBXBuildFile; fileRef = ED2E15C685F5466EBB0DBC7D /* ImageIO.framework */; settings = {ATTRIBUTES = (Weak, ); }; };
		78DAFEBAE7F94B419674512F /* CoreLocation.framework in Frameworks */ = {isa = PBXBuildFile; fileRef = 6EACA69C20914B248CAD9726 /* CoreLocation.framework */; };
		7F80AE011A9B429BA24CC4AC /* Security.framework in Frameworks */ = {isa = PBXBuildFile; fileRef = 5C1440FC6E6542DDB3E0BBF7 /* Security.framework */; };
		8B74A9AE499A43F895C2CF63 /* CDVNotification.bundle in Resources */ = {isa = PBXBuildFile; fileRef = AFBEAEB8911943ACA074BFF7 /* CDVNotification.bundle */; };
		9590D53F945345549560BEC5 /* QuartzCore.framework in Frameworks */ = {isa = PBXBuildFile; fileRef = E7039900B52C4D10AD857CDD /* QuartzCore.framework */; };
		986327863EFD4B79A1250F94 /* CoreImage.framework in Frameworks */ = {isa = PBXBuildFile; fileRef = EFB13702C2C54A33B8EFA9B3 /* CoreImage.framework */; };
		9A7AF1F036C648D49917A059 /* CDVGlobalization.m in Sources */ = {isa = PBXBuildFile; fileRef = 8EC6EA0A98DC472497B8090A /* CDVGlobalization.m */; };
		9B9D3CBFCB4B4122B13A0EEC /* UIImage+CropScaleOrientation.m in Sources */ = {isa = PBXBuildFile; fileRef = 66B780C5261F4D4388187760 /* UIImage+CropScaleOrientation.m */; };
		9FC96F42B86647409D28301F /* TouchID.m in Sources */ = {isa = PBXBuildFile; fileRef = 335FF81EC02B4AB686E3D927 /* TouchID.m */; };
		A565B43F27CC4DE1808BFDA2 /* CoreVideo.framework in Frameworks */ = {isa = PBXBuildFile; fileRef = ECB839FCFA4C44BD94A8125F /* CoreVideo.framework */; };
		A6CB19B1DD144EDE930A556B /* CDVReachability.m in Sources */ = {isa = PBXBuildFile; fileRef = B6347A41E8A8492EA8520FF1 /* CDVReachability.m */; };
		AA34E75575C4466CB811B15C /* CDVCapture.m in Sources */ = {isa = PBXBuildFile; fileRef = C0C5AAB33CB945F4A72E22CB /* CDVCapture.m */; };
		AB34294DD8C846A9A849D07C /* CDVLocation.m in Sources */ = {isa = PBXBuildFile; fileRef = 051DE63AD2DB45B2B16221E6 /* CDVLocation.m */; };
		AC3A2F526F74461BA09445A6 /* CDVFile.m in Sources */ = {isa = PBXBuildFile; fileRef = 6CDBA16254984C2F8BCD4777 /* CDVFile.m */; };
		B02796EFDD764CA6AB4B2464 /* CDVBattery.m in Sources */ = {isa = PBXBuildFile; fileRef = 24F489D4D35940B7B506748F /* CDVBattery.m */; };
		B82DA7A4C5434D40BA91F2B9 /* CDVVibration.m in Sources */ = {isa = PBXBuildFile; fileRef = 1881293438614ADEAACF01BD /* CDVVibration.m */; };
		B98C4B44700E4EF7A9957F7B /* CDVPinDialog.m in Sources */ = {isa = PBXBuildFile; fileRef = 80BAAFAF094642E6930127B2 /* CDVPinDialog.m */; };
		CEF409AA853C4285ABDCDA76 /* CDVOrientation.m in Sources */ = {isa = PBXBuildFile; fileRef = 1331B362814C4734A7327860 /* CDVOrientation.m */; };
		D4EC3125CF8446B1A8F82F5F /* SystemConfiguration.framework in Frameworks */ = {isa = PBXBuildFile; fileRef = DDA66E97BDBE4E56BD77C5C9 /* SystemConfiguration.framework */; settings = {ATTRIBUTES = (Weak, ); }; };
		DA785548A25E43378A7DC01A /* CDVBarcodeScanner.mm in Sources */ = {isa = PBXBuildFile; fileRef = 82FAEC43F84942A1858F806B /* CDVBarcodeScanner.mm */; settings = {COMPILER_FLAGS = "-fno-objc-arc"; }; };
		E2F847E1BFD1432F94563979 /* CDVBarcodeScanner.bundle in Resources */ = {isa = PBXBuildFile; fileRef = 4D4954A1784D4B31A8B7E6E9 /* CDVBarcodeScanner.bundle */; };
/* End PBXBuildFile section */

/* Begin PBXContainerItemProxy section */
		301BF534109A57CC0062928A /* PBXContainerItemProxy */ = {
			isa = PBXContainerItemProxy;
			containerPortal = 301BF52D109A57CC0062928A /* CordovaLib/CordovaLib.xcodeproj */;
			proxyType = 2;
			remoteGlobalIDString = D2AAC07E0554694100DB518D;
			remoteInfo = CordovaLib;
		};
		301BF550109A68C00062928A /* PBXContainerItemProxy */ = {
			isa = PBXContainerItemProxy;
			containerPortal = 301BF52D109A57CC0062928A /* CordovaLib/CordovaLib.xcodeproj */;
			proxyType = 1;
			remoteGlobalIDString = D2AAC07D0554694100DB518D;
			remoteInfo = CordovaLib;
		};
		38CF733220A5E92900243B4E /* PBXContainerItemProxy */ = {
			isa = PBXContainerItemProxy;
			containerPortal = 301BF52D109A57CC0062928A /* CordovaLib/CordovaLib.xcodeproj */;
			proxyType = 2;
			remoteGlobalIDString = C0C01EB21E3911D50056E6CB;
			remoteInfo = Cordova;
		};
/* End PBXContainerItemProxy section */

/* Begin PBXFileReference section */
		0099830E55AB462C8E57524A /* CDVDevice.m */ = {isa = PBXFileReference; explicitFileType = undefined; fileEncoding = 4; includeInIndex = 0; lastKnownFileType = sourcecode.c.objc; name = CDVDevice.m; path = "cordova-plugin-device/CDVDevice.m"; sourceTree = "<group>"; };
		0207DA571B56EA530066E2B4 /* Images.xcassets */ = {isa = PBXFileReference; lastKnownFileType = folder.assetcatalog; name = Images.xcassets; path = "Field Technician/Images.xcassets"; sourceTree = SOURCE_ROOT; };
		03270179CC254DE7AA07B209 /* libz.tbd */ = {isa = PBXFileReference; explicitFileType = undefined; fileEncoding = 9; includeInIndex = 0; lastKnownFileType = "sourcecode.text-based-dylib-definition"; name = libz.tbd; path = usr/lib/libz.tbd; sourceTree = SDKROOT; };
		051DE63AD2DB45B2B16221E6 /* CDVLocation.m */ = {isa = PBXFileReference; explicitFileType = undefined; fileEncoding = 4; includeInIndex = 0; lastKnownFileType = sourcecode.c.objc; name = CDVLocation.m; path = "cordova-plugin-geolocation/CDVLocation.m"; sourceTree = "<group>"; };
		0A51DE7D3AD149C9A7D42E05 /* CDVInAppBrowser.h */ = {isa = PBXFileReference; explicitFileType = undefined; fileEncoding = 4; includeInIndex = 0; lastKnownFileType = sourcecode.c.h; name = CDVInAppBrowser.h; path = "cordova-plugin-inappbrowser/CDVInAppBrowser.h"; sourceTree = "<group>"; };
		1331B362814C4734A7327860 /* CDVOrientation.m */ = {isa = PBXFileReference; explicitFileType = undefined; fileEncoding = 4; includeInIndex = 0; lastKnownFileType = sourcecode.c.objc; name = CDVOrientation.m; path = "cordova-plugin-screen-orientation/CDVOrientation.m"; sourceTree = "<group>"; };
		1881293438614ADEAACF01BD /* CDVVibration.m */ = {isa = PBXFileReference; explicitFileType = undefined; fileEncoding = 4; includeInIndex = 0; lastKnownFileType = sourcecode.c.objc; name = CDVVibration.m; path = "cordova-plugin-vibration/CDVVibration.m"; sourceTree = "<group>"; };
		1D3623240D0F684500981E51 /* AppDelegate.h */ = {isa = PBXFileReference; fileEncoding = 4; lastKnownFileType = sourcecode.c.h; path = AppDelegate.h; sourceTree = "<group>"; };
		1D3623250D0F684500981E51 /* AppDelegate.m */ = {isa = PBXFileReference; fileEncoding = 4; lastKnownFileType = sourcecode.c.objc; path = AppDelegate.m; sourceTree = "<group>"; };
		1D6058910D05DD3D006BFB54 /* Field Technician.app */ = {isa = PBXFileReference; explicitFileType = wrapper.application; includeInIndex = 0; path = "Field Technician.app"; sourceTree = BUILT_PRODUCTS_DIR; };
		24F489D4D35940B7B506748F /* CDVBattery.m */ = {isa = PBXFileReference; explicitFileType = undefined; fileEncoding = 4; includeInIndex = 0; lastKnownFileType = sourcecode.c.objc; name = CDVBattery.m; path = "cordova-plugin-battery-status/CDVBattery.m"; sourceTree = "<group>"; };
		29B97316FDCFA39411CA2CEA /* main.m */ = {isa = PBXFileReference; fileEncoding = 4; lastKnownFileType = sourcecode.c.objc; path = main.m; sourceTree = "<group>"; };
		2F2D956C601B414AB0043B14 /* CDVInAppBrowser.m */ = {isa = PBXFileReference; explicitFileType = undefined; fileEncoding = 4; includeInIndex = 0; lastKnownFileType = sourcecode.c.objc; name = CDVInAppBrowser.m; path = "cordova-plugin-inappbrowser/CDVInAppBrowser.m"; sourceTree = "<group>"; };
		301BF52D109A57CC0062928A /* CordovaLib/CordovaLib.xcodeproj */ = {isa = PBXFileReference; lastKnownFileType = "wrapper.pb-project"; path = CordovaLib/CordovaLib.xcodeproj; sourceTree = "<group>"; };
		301BF56E109A69640062928A /* www */ = {isa = PBXFileReference; lastKnownFileType = folder; path = www; sourceTree = SOURCE_ROOT; };
		302D95EE14D2391D003F00A1 /* MainViewController.h */ = {isa = PBXFileReference; fileEncoding = 4; lastKnownFileType = sourcecode.c.h; path = MainViewController.h; sourceTree = "<group>"; };
		302D95EF14D2391D003F00A1 /* MainViewController.m */ = {isa = PBXFileReference; fileEncoding = 4; lastKnownFileType = sourcecode.c.objc; path = MainViewController.m; sourceTree = "<group>"; };
		302D95F014D2391D003F00A1 /* MainViewController.xib */ = {isa = PBXFileReference; fileEncoding = 4; lastKnownFileType = file.xib; path = MainViewController.xib; sourceTree = "<group>"; };
		3047A50F1AB8059700498E2A /* build-debug.xcconfig */ = {isa = PBXFileReference; fileEncoding = 4; lastKnownFileType = text.xcconfig; name = "build-debug.xcconfig"; path = "cordova/build-debug.xcconfig"; sourceTree = SOURCE_ROOT; };
		3047A5101AB8059700498E2A /* build-release.xcconfig */ = {isa = PBXFileReference; fileEncoding = 4; lastKnownFileType = text.xcconfig; name = "build-release.xcconfig"; path = "cordova/build-release.xcconfig"; sourceTree = SOURCE_ROOT; };
		3047A5111AB8059700498E2A /* build.xcconfig */ = {isa = PBXFileReference; fileEncoding = 4; lastKnownFileType = text.xcconfig; name = build.xcconfig; path = cordova/build.xcconfig; sourceTree = SOURCE_ROOT; };
		32CA4F630368D1EE00C91783 /* Field Technician-Prefix.pch */ = {isa = PBXFileReference; fileEncoding = 4; lastKnownFileType = sourcecode.c.h; path = "Field Technician-Prefix.pch"; sourceTree = "<group>"; };
		33060FFBD0D2400D8222A0CB /* CDVJpegHeaderWriter.m */ = {isa = PBXFileReference; explicitFileType = undefined; fileEncoding = 4; includeInIndex = 0; lastKnownFileType = sourcecode.c.objc; name = CDVJpegHeaderWriter.m; path = "cordova-plugin-camera/CDVJpegHeaderWriter.m"; sourceTree = "<group>"; };
		335FF81EC02B4AB686E3D927 /* TouchID.m */ = {isa = PBXFileReference; explicitFileType = undefined; fileEncoding = 4; includeInIndex = 0; lastKnownFileType = sourcecode.c.objc; name = TouchID.m; path = "cordova-plugin-touch-id/TouchID.m"; sourceTree = "<group>"; };
		33EB9B3FD64548E799E563ED /* UIImage+CropScaleOrientation.h */ = {isa = PBXFileReference; explicitFileType = undefined; fileEncoding = 4; includeInIndex = 0; lastKnownFileType = sourcecode.c.h; name = "UIImage+CropScaleOrientation.h"; path = "cordova-plugin-camera/UIImage+CropScaleOrientation.h"; sourceTree = "<group>"; };
		382ED513DBE0469C94B999F2 /* CDVPinDialog.h */ = {isa = PBXFileReference; explicitFileType = undefined; fileEncoding = 4; includeInIndex = 0; lastKnownFileType = sourcecode.c.h; name = CDVPinDialog.h; path = "cordova-plugin-pin-dialog/CDVPinDialog.h"; sourceTree = "<group>"; };
		3A724A7C322845D2AB99EE56 /* CoreTelephony.framework */ = {isa = PBXFileReference; explicitFileType = undefined; fileEncoding = 9; includeInIndex = 0; lastKnownFileType = wrapper.framework; name = CoreTelephony.framework; path = System/Library/Frameworks/CoreTelephony.framework; sourceTree = SDKROOT; };
		3BD9FD66269243F1A6DBEDEE /* CDVLocalFilesystem.h */ = {isa = PBXFileReference; explicitFileType = undefined; fileEncoding = 4; includeInIndex = 0; lastKnownFileType = sourcecode.c.h; name = CDVLocalFilesystem.h; path = "cordova-plugin-file/CDVLocalFilesystem.h"; sourceTree = "<group>"; };
		463C1C4752C94D58915E9D5E /* libiconv.dylib */ = {isa = PBXFileReference; explicitFileType = undefined; fileEncoding = 9; includeInIndex = 0; lastKnownFileType = "compiled.mach-o.dylib"; name = libiconv.dylib; path = usr/lib/libiconv.dylib; sourceTree = SDKROOT; };
		4C61D00656254D748FF68691 /* CDVNotification.m */ = {isa = PBXFileReference; explicitFileType = undefined; fileEncoding = 4; includeInIndex = 0; lastKnownFileType = sourcecode.c.objc; name = CDVNotification.m; path = "cordova-plugin-dialogs/CDVNotification.m"; sourceTree = "<group>"; };
		4D4954A1784D4B31A8B7E6E9 /* CDVBarcodeScanner.bundle */ = {isa = PBXFileReference; explicitFileType = undefined; fileEncoding = 9; includeInIndex = 0; lastKnownFileType = "wrapper.plug-in"; path = CDVBarcodeScanner.bundle; sourceTree = "<group>"; };
		4E8DF07C63A34DDE97A6261A /* CDVAssetLibraryFilesystem.m */ = {isa = PBXFileReference; explicitFileType = undefined; fileEncoding = 4; includeInIndex = 0; lastKnownFileType = sourcecode.c.objc; name = CDVAssetLibraryFilesystem.m; path = "cordova-plugin-file/CDVAssetLibraryFilesystem.m"; sourceTree = "<group>"; };
		501837E0CB2243899958C2D6 /* zxing-all-in-one.h */ = {isa = PBXFileReference; explicitFileType = undefined; fileEncoding = 4; includeInIndex = 0; lastKnownFileType = sourcecode.c.h; name = "zxing-all-in-one.h"; path = "phonegap-plugin-barcodescanner/zxing-all-in-one.h"; sourceTree = "<group>"; };
		50672839F1DD4F0D9D5ECE04 /* AudioToolbox.framework */ = {isa = PBXFileReference; explicitFileType = undefined; fileEncoding = 9; includeInIndex = 0; lastKnownFileType = wrapper.framework; name = AudioToolbox.framework; path = System/Library/Frameworks/AudioToolbox.framework; sourceTree = SDKROOT; };
		5C1440FC6E6542DDB3E0BBF7 /* Security.framework */ = {isa = PBXFileReference; explicitFileType = undefined; fileEncoding = 9; includeInIndex = 0; lastKnownFileType = wrapper.framework; name = Security.framework; path = System/Library/Frameworks/Security.framework; sourceTree = SDKROOT; };
		5D440D6550D74491816D6B13 /* CDVCapture.bundle */ = {isa = PBXFileReference; explicitFileType = undefined; fileEncoding = 9; includeInIndex = 0; lastKnownFileType = "wrapper.plug-in"; path = CDVCapture.bundle; sourceTree = "<group>"; };
		5F22362E2F6745A197512232 /* CDVGlobalization.h */ = {isa = PBXFileReference; explicitFileType = undefined; fileEncoding = 4; includeInIndex = 0; lastKnownFileType = sourcecode.c.h; name = CDVGlobalization.h; path = "cordova-plugin-globalization/CDVGlobalization.h"; sourceTree = "<group>"; };
		6208EB581AE94707A9F603DB /* CDVAssetLibraryFilesystem.h */ = {isa = PBXFileReference; explicitFileType = undefined; fileEncoding = 4; includeInIndex = 0; lastKnownFileType = sourcecode.c.h; name = CDVAssetLibraryFilesystem.h; path = "cordova-plugin-file/CDVAssetLibraryFilesystem.h"; sourceTree = "<group>"; };
		64EAD37659164DA6B0B30B1B /* CDVReachability.h */ = {isa = PBXFileReference; explicitFileType = undefined; fileEncoding = 4; includeInIndex = 0; lastKnownFileType = sourcecode.c.h; name = CDVReachability.h; path = "cordova-plugin-network-information/CDVReachability.h"; sourceTree = "<group>"; };
		66B780C5261F4D4388187760 /* UIImage+CropScaleOrientation.m */ = {isa = PBXFileReference; explicitFileType = undefined; fileEncoding = 4; includeInIndex = 0; lastKnownFileType = sourcecode.c.objc; name = "UIImage+CropScaleOrientation.m"; path = "cordova-plugin-camera/UIImage+CropScaleOrientation.m"; sourceTree = "<group>"; };
		66E51F37B323465386687DC7 /* TouchID.h */ = {isa = PBXFileReference; explicitFileType = undefined; fileEncoding = 4; includeInIndex = 0; lastKnownFileType = sourcecode.c.h; name = TouchID.h; path = "cordova-plugin-touch-id/TouchID.h"; sourceTree = "<group>"; };
		6AFF5BF81D6E424B00AB3073 /* CDVLaunchScreen.storyboard */ = {isa = PBXFileReference; fileEncoding = 4; lastKnownFileType = file.storyboard; name = CDVLaunchScreen.storyboard; path = "Field Technician/CDVLaunchScreen.storyboard"; sourceTree = SOURCE_ROOT; };
		6B5305A6CBCD44AF85647030 /* CDVOrientation.h */ = {isa = PBXFileReference; explicitFileType = undefined; fileEncoding = 4; includeInIndex = 0; lastKnownFileType = sourcecode.c.h; name = CDVOrientation.h; path = "cordova-plugin-screen-orientation/CDVOrientation.h"; sourceTree = "<group>"; };
		6CDBA16254984C2F8BCD4777 /* CDVFile.m */ = {isa = PBXFileReference; explicitFileType = undefined; fileEncoding = 4; includeInIndex = 0; lastKnownFileType = sourcecode.c.objc; name = CDVFile.m; path = "cordova-plugin-file/CDVFile.m"; sourceTree = "<group>"; };
		6EACA69C20914B248CAD9726 /* CoreLocation.framework */ = {isa = PBXFileReference; explicitFileType = undefined; fileEncoding = 9; includeInIndex = 0; lastKnownFileType = wrapper.framework; name = CoreLocation.framework; path = System/Library/Frameworks/CoreLocation.framework; sourceTree = SDKROOT; };
		6FD52657783F4C598A1628A3 /* CDVCamera.h */ = {isa = PBXFileReference; explicitFileType = undefined; fileEncoding = 4; includeInIndex = 0; lastKnownFileType = sourcecode.c.h; name = CDVCamera.h; path = "cordova-plugin-camera/CDVCamera.h"; sourceTree = "<group>"; };
		70C80F349B6E4245B98EFFB0 /* CDVFileTransfer.h */ = {isa = PBXFileReference; explicitFileType = undefined; fileEncoding = 4; includeInIndex = 0; lastKnownFileType = sourcecode.c.h; name = CDVFileTransfer.h; path = "cordova-plugin-file-transfer/CDVFileTransfer.h"; sourceTree = "<group>"; };
		7280105E96E9406992EF8F99 /* CDVConnection.h */ = {isa = PBXFileReference; explicitFileType = undefined; fileEncoding = 4; includeInIndex = 0; lastKnownFileType = sourcecode.c.h; name = CDVConnection.h; path = "cordova-plugin-network-information/CDVConnection.h"; sourceTree = "<group>"; };
		7A072FA97A7B428CA95CF780 /* LocalAuthentication.framework */ = {isa = PBXFileReference; explicitFileType = undefined; fileEncoding = 9; includeInIndex = 0; lastKnownFileType = wrapper.framework; name = LocalAuthentication.framework; path = System/Library/Frameworks/LocalAuthentication.framework; sourceTree = SDKROOT; };
		808F0E86A3D647A59CE895DF /* CDVLocation.h */ = {isa = PBXFileReference; explicitFileType = undefined; fileEncoding = 4; includeInIndex = 0; lastKnownFileType = sourcecode.c.h; name = CDVLocation.h; path = "cordova-plugin-geolocation/CDVLocation.h"; sourceTree = "<group>"; };
		80BAAFAF094642E6930127B2 /* CDVPinDialog.m */ = {isa = PBXFileReference; explicitFileType = undefined; fileEncoding = 4; includeInIndex = 0; lastKnownFileType = sourcecode.c.objc; name = CDVPinDialog.m; path = "cordova-plugin-pin-dialog/CDVPinDialog.m"; sourceTree = "<group>"; };
		81A041B6F5734164A175C3C5 /* CDVNotification.h */ = {isa = PBXFileReference; explicitFileType = undefined; fileEncoding = 4; includeInIndex = 0; lastKnownFileType = sourcecode.c.h; name = CDVNotification.h; path = "cordova-plugin-dialogs/CDVNotification.h"; sourceTree = "<group>"; };
		82FAEC43F84942A1858F806B /* CDVBarcodeScanner.mm */ = {isa = PBXFileReference; explicitFileType = undefined; fileEncoding = 9; includeInIndex = 0; lastKnownFileType = unknown; name = CDVBarcodeScanner.mm; path = "phonegap-plugin-barcodescanner/CDVBarcodeScanner.mm"; sourceTree = "<group>"; };
		83F58DA277934404B300173C /* CDVBattery.h */ = {isa = PBXFileReference; explicitFileType = undefined; fileEncoding = 4; includeInIndex = 0; lastKnownFileType = sourcecode.c.h; name = CDVBattery.h; path = "cordova-plugin-battery-status/CDVBattery.h"; sourceTree = "<group>"; };
		8D1107310486CEB800E47090 /* Field Technician-Info.plist */ = {isa = PBXFileReference; fileEncoding = 4; lastKnownFileType = text.plist.xml; name = "Field Technician-Info.plist"; path = "Field Technician/Field Technician-Info.plist"; plistStructureDefinitionIdentifier = "com.apple.xcode.plist.structure-definition.iphone.info-plist"; sourceTree = SOURCE_ROOT; };
		8EC6EA0A98DC472497B8090A /* CDVGlobalization.m */ = {isa = PBXFileReference; explicitFileType = undefined; fileEncoding = 4; includeInIndex = 0; lastKnownFileType = sourcecode.c.objc; name = CDVGlobalization.m; path = "cordova-plugin-globalization/CDVGlobalization.m"; sourceTree = "<group>"; };
		957C771361D441C6AD964E2C /* CDVCamera.m */ = {isa = PBXFileReference; explicitFileType = undefined; fileEncoding = 4; includeInIndex = 0; lastKnownFileType = sourcecode.c.objc; name = CDVCamera.m; path = "cordova-plugin-camera/CDVCamera.m"; sourceTree = "<group>"; };
		973E684D3DB045F9BCBE4AE7 /* CDVConnection.m */ = {isa = PBXFileReference; explicitFileType = undefined; fileEncoding = 4; includeInIndex = 0; lastKnownFileType = sourcecode.c.objc; name = CDVConnection.m; path = "cordova-plugin-network-information/CDVConnection.m"; sourceTree = "<group>"; };
		A1AD3F0BB1994143ACAB7DB6 /* AVFoundation.framework */ = {isa = PBXFileReference; explicitFileType = undefined; fileEncoding = 9; includeInIndex = 0; lastKnownFileType = wrapper.framework; name = AVFoundation.framework; path = System/Library/Frameworks/AVFoundation.framework; sourceTree = SDKROOT; };
		AFBEAEB8911943ACA074BFF7 /* CDVNotification.bundle */ = {isa = PBXFileReference; explicitFileType = undefined; fileEncoding = 9; includeInIndex = 0; lastKnownFileType = "wrapper.plug-in"; path = CDVNotification.bundle; sourceTree = "<group>"; };
		B5C5E0F820A54E9C99398CC6 /* CDVLocalFilesystem.m */ = {isa = PBXFileReference; explicitFileType = undefined; fileEncoding = 4; includeInIndex = 0; lastKnownFileType = sourcecode.c.objc; name = CDVLocalFilesystem.m; path = "cordova-plugin-file/CDVLocalFilesystem.m"; sourceTree = "<group>"; };
		B6347A41E8A8492EA8520FF1 /* CDVReachability.m */ = {isa = PBXFileReference; explicitFileType = undefined; fileEncoding = 4; includeInIndex = 0; lastKnownFileType = sourcecode.c.objc; name = CDVReachability.m; path = "cordova-plugin-network-information/CDVReachability.m"; sourceTree = "<group>"; };
		BDF2D6A245C146BE99029521 /* CDVExif.h */ = {isa = PBXFileReference; explicitFileType = undefined; fileEncoding = 4; includeInIndex = 0; lastKnownFileType = sourcecode.c.h; name = CDVExif.h; path = "cordova-plugin-camera/CDVExif.h"; sourceTree = "<group>"; };
		C0C5AAB33CB945F4A72E22CB /* CDVCapture.m */ = {isa = PBXFileReference; explicitFileType = undefined; fileEncoding = 4; includeInIndex = 0; lastKnownFileType = sourcecode.c.objc; name = CDVCapture.m; path = "cordova-plugin-media-capture/CDVCapture.m"; sourceTree = "<group>"; };
		C18E77A85CE5412AB352239C /* CDVFile.h */ = {isa = PBXFileReference; explicitFileType = undefined; fileEncoding = 4; includeInIndex = 0; lastKnownFileType = sourcecode.c.h; name = CDVFile.h; path = "cordova-plugin-file/CDVFile.h"; sourceTree = "<group>"; };
		C7F58CDE21C448BAB1B5B854 /* scannerOverlay.xib */ = {isa = PBXFileReference; explicitFileType = undefined; fileEncoding = 9; includeInIndex = 0; lastKnownFileType = file.xib; path = scannerOverlay.xib; sourceTree = "<group>"; };
		D09BB0D933EE4801B071F356 /* zxing-all-in-one.cpp */ = {isa = PBXFileReference; explicitFileType = undefined; fileEncoding = 9; includeInIndex = 0; lastKnownFileType = unknown; name = "zxing-all-in-one.cpp"; path = "phonegap-plugin-barcodescanner/zxing-all-in-one.cpp"; sourceTree = "<group>"; };
		D7444F01BD664BE18934814A /* CDVCapture.h */ = {isa = PBXFileReference; explicitFileType = undefined; fileEncoding = 4; includeInIndex = 0; lastKnownFileType = sourcecode.c.h; name = CDVCapture.h; path = "cordova-plugin-media-capture/CDVCapture.h"; sourceTree = "<group>"; };
		DC7A9FE28D3A40089039F464 /* CDVFileTransfer.m */ = {isa = PBXFileReference; explicitFileType = undefined; fileEncoding = 4; includeInIndex = 0; lastKnownFileType = sourcecode.c.objc; name = CDVFileTransfer.m; path = "cordova-plugin-file-transfer/CDVFileTransfer.m"; sourceTree = "<group>"; };
		DDA66E97BDBE4E56BD77C5C9 /* SystemConfiguration.framework */ = {isa = PBXFileReference; explicitFileType = undefined; fileEncoding = 9; includeInIndex = 0; lastKnownFileType = wrapper.framework; name = SystemConfiguration.framework; path = System/Library/Frameworks/SystemConfiguration.framework; sourceTree = SDKROOT; };
		E7039900B52C4D10AD857CDD /* QuartzCore.framework */ = {isa = PBXFileReference; explicitFileType = undefined; fileEncoding = 9; includeInIndex = 0; lastKnownFileType = wrapper.framework; name = QuartzCore.framework; path = System/Library/Frameworks/QuartzCore.framework; sourceTree = SDKROOT; };
		EB87FDF31871DA8E0020F90C /* www */ = {isa = PBXFileReference; lastKnownFileType = folder; name = www; path = ../../www; sourceTree = "<group>"; };
		EB87FDF41871DAF40020F90C /* config.xml */ = {isa = PBXFileReference; lastKnownFileType = text.xml; name = config.xml; path = ../../config.xml; sourceTree = "<group>"; };
		ECB839FCFA4C44BD94A8125F /* CoreVideo.framework */ = {isa = PBXFileReference; explicitFileType = undefined; fileEncoding = 9; includeInIndex = 0; lastKnownFileType = wrapper.framework; name = CoreVideo.framework; path = System/Library/Frameworks/CoreVideo.framework; sourceTree = SDKROOT; };
		ED2E15C685F5466EBB0DBC7D /* ImageIO.framework */ = {isa = PBXFileReference; explicitFileType = undefined; fileEncoding = 9; includeInIndex = 0; lastKnownFileType = wrapper.framework; name = ImageIO.framework; path = System/Library/Frameworks/ImageIO.framework; sourceTree = SDKROOT; };
		ED33DF2A687741AEAF9F8254 /* Bridging-Header.h */ = {isa = PBXFileReference; fileEncoding = 4; lastKnownFileType = sourcecode.c.h; path = "Bridging-Header.h"; sourceTree = "<group>"; };
		EFB13702C2C54A33B8EFA9B3 /* CoreImage.framework */ = {isa = PBXFileReference; explicitFileType = undefined; fileEncoding = 9; includeInIndex = 0; lastKnownFileType = wrapper.framework; name = CoreImage.framework; path = System/Library/Frameworks/CoreImage.framework; sourceTree = SDKROOT; };
		F0AEF9FE2DAE42408DF4408A /* CDVDevice.h */ = {isa = PBXFileReference; explicitFileType = undefined; fileEncoding = 4; includeInIndex = 0; lastKnownFileType = sourcecode.c.h; name = CDVDevice.h; path = "cordova-plugin-device/CDVDevice.h"; sourceTree = "<group>"; };
		F1FDEEC3410E4AD58B6F019A /* CDVJpegHeaderWriter.h */ = {isa = PBXFileReference; explicitFileType = undefined; fileEncoding = 4; includeInIndex = 0; lastKnownFileType = sourcecode.c.h; name = CDVJpegHeaderWriter.h; path = "cordova-plugin-camera/CDVJpegHeaderWriter.h"; sourceTree = "<group>"; };
		F840E1F0165FE0F500CFE078 /* config.xml */ = {isa = PBXFileReference; lastKnownFileType = text.xml; name = config.xml; path = "Field Technician/config.xml"; sourceTree = "<group>"; };
		FE2B6D2073D94999A47255B2 /* CDVVibration.h */ = {isa = PBXFileReference; explicitFileType = undefined; fileEncoding = 4; includeInIndex = 0; lastKnownFileType = sourcecode.c.h; name = CDVVibration.h; path = "cordova-plugin-vibration/CDVVibration.h"; sourceTree = "<group>"; };
/* End PBXFileReference section */

/* Begin PBXFrameworksBuildPhase section */
		1D60588F0D05DD3D006BFB54 /* Frameworks */ = {
			isa = PBXFrameworksBuildPhase;
			buildActionMask = 2147483647;
			files = (
				301BF552109A68D80062928A /* libCordova.a in Frameworks */,
				747162A5D0894853B5937A0F /* ImageIO.framework in Frameworks */,
				78DAFEBAE7F94B419674512F /* CoreLocation.framework in Frameworks */,
				29B6D408EDF3419B95762926 /* AVFoundation.framework in Frameworks */,
				6081FDEDD2AE4027827A2F1A /* libz.tbd in Frameworks */,
				5F5E4CE937A24C67A01B44C1 /* AudioToolbox.framework in Frameworks */,
				D4EC3125CF8446B1A8F82F5F /* SystemConfiguration.framework in Frameworks */,
				606AB1FE18B24DD188FA55D5 /* CoreTelephony.framework in Frameworks */,
				0684C8167D2B42DF9DA4CE5E /* LocalAuthentication.framework in Frameworks */,
				7F80AE011A9B429BA24CC4AC /* Security.framework in Frameworks */,
				5E71A636239D45E1908C400F /* libiconv.dylib in Frameworks */,
				A565B43F27CC4DE1808BFDA2 /* CoreVideo.framework in Frameworks */,
				9590D53F945345549560BEC5 /* QuartzCore.framework in Frameworks */,
				986327863EFD4B79A1250F94 /* CoreImage.framework in Frameworks */,
			);
			runOnlyForDeploymentPostprocessing = 0;
		};
/* End PBXFrameworksBuildPhase section */

/* Begin PBXGroup section */
		080E96DDFE201D6D7F000001 /* Classes */ = {
			isa = PBXGroup;
			children = (
				302D95EE14D2391D003F00A1 /* MainViewController.h */,
				302D95EF14D2391D003F00A1 /* MainViewController.m */,
				302D95F014D2391D003F00A1 /* MainViewController.xib */,
				1D3623240D0F684500981E51 /* AppDelegate.h */,
				1D3623250D0F684500981E51 /* AppDelegate.m */,
			);
			name = Classes;
			path = "Field Technician/Classes";
			sourceTree = SOURCE_ROOT;
		};
		19C28FACFE9D520D11CA2CBB /* Products */ = {
			isa = PBXGroup;
			children = (
				1D6058910D05DD3D006BFB54 /* Field Technician.app */,
			);
			name = Products;
			sourceTree = "<group>";
		};
		29B97314FDCFA39411CA2CEA /* CustomTemplate */ = {
			isa = PBXGroup;
			children = (
				EB87FDF41871DAF40020F90C /* config.xml */,
				EB87FDF31871DA8E0020F90C /* www */,
				EB87FDF11871DA420020F90C /* Staging */,
				301BF52D109A57CC0062928A /* CordovaLib/CordovaLib.xcodeproj */,
				080E96DDFE201D6D7F000001 /* Classes */,
				307C750510C5A3420062BCA9 /* Plugins */,
				29B97315FDCFA39411CA2CEA /* Other Sources */,
				29B97317FDCFA39411CA2CEA /* Resources */,
				29B97323FDCFA39411CA2CEA /* Frameworks */,
				19C28FACFE9D520D11CA2CBB /* Products */,
			);
			name = CustomTemplate;
			sourceTree = "<group>";
		};
		29B97315FDCFA39411CA2CEA /* Other Sources */ = {
			isa = PBXGroup;
			children = (
				32CA4F630368D1EE00C91783 /* Field Technician-Prefix.pch */,
				29B97316FDCFA39411CA2CEA /* main.m */,
				ED33DF2A687741AEAF9F8254 /* Bridging-Header.h */,
			);
			name = "Other Sources";
			path = "Field Technician";
			sourceTree = "<group>";
		};
		29B97317FDCFA39411CA2CEA /* Resources */ = {
			isa = PBXGroup;
			children = (
				0207DA571B56EA530066E2B4 /* Images.xcassets */,
				3047A50E1AB8057F00498E2A /* config */,
				8D1107310486CEB800E47090 /* Field Technician-Info.plist */,
				6AFF5BF81D6E424B00AB3073 /* CDVLaunchScreen.storyboard */,
				AFBEAEB8911943ACA074BFF7 /* CDVNotification.bundle */,
				5D440D6550D74491816D6B13 /* CDVCapture.bundle */,
				C7F58CDE21C448BAB1B5B854 /* scannerOverlay.xib */,
				4D4954A1784D4B31A8B7E6E9 /* CDVBarcodeScanner.bundle */,
			);
			name = Resources;
			path = "Field Technician/Resources";
			sourceTree = "<group>";
		};
		29B97323FDCFA39411CA2CEA /* Frameworks */ = {
			isa = PBXGroup;
			children = (
				ED2E15C685F5466EBB0DBC7D /* ImageIO.framework */,
				6EACA69C20914B248CAD9726 /* CoreLocation.framework */,
				A1AD3F0BB1994143ACAB7DB6 /* AVFoundation.framework */,
				03270179CC254DE7AA07B209 /* libz.tbd */,
				50672839F1DD4F0D9D5ECE04 /* AudioToolbox.framework */,
				DDA66E97BDBE4E56BD77C5C9 /* SystemConfiguration.framework */,
				3A724A7C322845D2AB99EE56 /* CoreTelephony.framework */,
				7A072FA97A7B428CA95CF780 /* LocalAuthentication.framework */,
				5C1440FC6E6542DDB3E0BBF7 /* Security.framework */,
				463C1C4752C94D58915E9D5E /* libiconv.dylib */,
				ECB839FCFA4C44BD94A8125F /* CoreVideo.framework */,
				E7039900B52C4D10AD857CDD /* QuartzCore.framework */,
				EFB13702C2C54A33B8EFA9B3 /* CoreImage.framework */,
			);
			name = Frameworks;
			sourceTree = "<group>";
		};
		301BF52E109A57CC0062928A /* Products */ = {
			isa = PBXGroup;
			children = (
				301BF535109A57CC0062928A /* libCordova.a */,
				38CF733320A5E92900243B4E /* Cordova.framework */,
			);
			name = Products;
			sourceTree = "<group>";
		};
		3047A50E1AB8057F00498E2A /* config */ = {
			isa = PBXGroup;
			children = (
				3047A50F1AB8059700498E2A /* build-debug.xcconfig */,
				3047A5101AB8059700498E2A /* build-release.xcconfig */,
				3047A5111AB8059700498E2A /* build.xcconfig */,
			);
			name = config;
			sourceTree = "<group>";
		};
		307C750510C5A3420062BCA9 /* Plugins */ = {
			isa = PBXGroup;
			children = (
				24F489D4D35940B7B506748F /* CDVBattery.m */,
				83F58DA277934404B300173C /* CDVBattery.h */,
				66B780C5261F4D4388187760 /* UIImage+CropScaleOrientation.m */,
				957C771361D441C6AD964E2C /* CDVCamera.m */,
				33060FFBD0D2400D8222A0CB /* CDVJpegHeaderWriter.m */,
				33EB9B3FD64548E799E563ED /* UIImage+CropScaleOrientation.h */,
				6FD52657783F4C598A1628A3 /* CDVCamera.h */,
				F1FDEEC3410E4AD58B6F019A /* CDVJpegHeaderWriter.h */,
				BDF2D6A245C146BE99029521 /* CDVExif.h */,
				0099830E55AB462C8E57524A /* CDVDevice.m */,
				F0AEF9FE2DAE42408DF4408A /* CDVDevice.h */,
				4C61D00656254D748FF68691 /* CDVNotification.m */,
				81A041B6F5734164A175C3C5 /* CDVNotification.h */,
				6CDBA16254984C2F8BCD4777 /* CDVFile.m */,
				B5C5E0F820A54E9C99398CC6 /* CDVLocalFilesystem.m */,
				4E8DF07C63A34DDE97A6261A /* CDVAssetLibraryFilesystem.m */,
				C18E77A85CE5412AB352239C /* CDVFile.h */,
				3BD9FD66269243F1A6DBEDEE /* CDVLocalFilesystem.h */,
				6208EB581AE94707A9F603DB /* CDVAssetLibraryFilesystem.h */,
				DC7A9FE28D3A40089039F464 /* CDVFileTransfer.m */,
				70C80F349B6E4245B98EFFB0 /* CDVFileTransfer.h */,
				051DE63AD2DB45B2B16221E6 /* CDVLocation.m */,
				808F0E86A3D647A59CE895DF /* CDVLocation.h */,
				8EC6EA0A98DC472497B8090A /* CDVGlobalization.m */,
				5F22362E2F6745A197512232 /* CDVGlobalization.h */,
				2F2D956C601B414AB0043B14 /* CDVInAppBrowser.m */,
				0A51DE7D3AD149C9A7D42E05 /* CDVInAppBrowser.h */,
				C0C5AAB33CB945F4A72E22CB /* CDVCapture.m */,
				D7444F01BD664BE18934814A /* CDVCapture.h */,
				973E684D3DB045F9BCBE4AE7 /* CDVConnection.m */,
				B6347A41E8A8492EA8520FF1 /* CDVReachability.m */,
				7280105E96E9406992EF8F99 /* CDVConnection.h */,
				64EAD37659164DA6B0B30B1B /* CDVReachability.h */,
				80BAAFAF094642E6930127B2 /* CDVPinDialog.m */,
				382ED513DBE0469C94B999F2 /* CDVPinDialog.h */,
				1331B362814C4734A7327860 /* CDVOrientation.m */,
				6B5305A6CBCD44AF85647030 /* CDVOrientation.h */,
				335FF81EC02B4AB686E3D927 /* TouchID.m */,
				66E51F37B323465386687DC7 /* TouchID.h */,
				1881293438614ADEAACF01BD /* CDVVibration.m */,
				FE2B6D2073D94999A47255B2 /* CDVVibration.h */,
				82FAEC43F84942A1858F806B /* CDVBarcodeScanner.mm */,
				D09BB0D933EE4801B071F356 /* zxing-all-in-one.cpp */,
				501837E0CB2243899958C2D6 /* zxing-all-in-one.h */,
			);
			name = Plugins;
			path = "Field Technician/Plugins";
			sourceTree = SOURCE_ROOT;
		};
		EB87FDF11871DA420020F90C /* Staging */ = {
			isa = PBXGroup;
			children = (
				F840E1F0165FE0F500CFE078 /* config.xml */,
				301BF56E109A69640062928A /* www */,
			);
			name = Staging;
			sourceTree = "<group>";
		};
/* End PBXGroup section */

/* Begin PBXNativeTarget section */
		1D6058900D05DD3D006BFB54 /* Field Technician */ = {
			isa = PBXNativeTarget;
			buildConfigurationList = 1D6058960D05DD3E006BFB54 /* Build configuration list for PBXNativeTarget "Field Technician" */;
			buildPhases = (
				304B58A110DAC018002A0835 /* Copy www directory */,
				1D60588D0D05DD3D006BFB54 /* Resources */,
				1D60588E0D05DD3D006BFB54 /* Sources */,
				1D60588F0D05DD3D006BFB54 /* Frameworks */,
			);
			buildRules = (
			);
			dependencies = (
				301BF551109A68C00062928A /* PBXTargetDependency */,
			);
			name = "Field Technician";
			productName = "Field Technician";
			productReference = 1D6058910D05DD3D006BFB54 /* Field Technician.app */;
			productType = "com.apple.product-type.application";
		};
/* End PBXNativeTarget section */

/* Begin PBXProject section */
		29B97313FDCFA39411CA2CEA /* Project object */ = {
			isa = PBXProject;
			attributes = {
				LastUpgradeCheck = 510;
				TargetAttributes = {
					1D6058900D05DD3D006BFB54 = {
						DevelopmentTeam = V67X43U2L2;
					};
				};
			};
			buildConfigurationList = C01FCF4E08A954540054247B /* Build configuration list for PBXProject "Field Technician" */;
			compatibilityVersion = "Xcode 3.2";
			developmentRegion = English;
			hasScannedForEncodings = 1;
			knownRegions = (
				en,
			);
			mainGroup = 29B97314FDCFA39411CA2CEA /* CustomTemplate */;
			projectDirPath = "";
			projectReferences = (
				{
					ProductGroup = 301BF52E109A57CC0062928A /* Products */;
					ProjectRef = 301BF52D109A57CC0062928A /* CordovaLib/CordovaLib.xcodeproj */;
				},
			);
			projectRoot = "";
			targets = (
				1D6058900D05DD3D006BFB54 /* Field Technician */,
			);
		};
/* End PBXProject section */

/* Begin PBXReferenceProxy section */
		301BF535109A57CC0062928A /* libCordova.a */ = {
			isa = PBXReferenceProxy;
			fileType = archive.ar;
			path = libCordova.a;
			remoteRef = 301BF534109A57CC0062928A /* PBXContainerItemProxy */;
			sourceTree = BUILT_PRODUCTS_DIR;
		};
		38CF733320A5E92900243B4E /* Cordova.framework */ = {
			isa = PBXReferenceProxy;
			fileType = wrapper.framework;
			path = Cordova.framework;
			remoteRef = 38CF733220A5E92900243B4E /* PBXContainerItemProxy */;
			sourceTree = BUILT_PRODUCTS_DIR;
		};
/* End PBXReferenceProxy section */

/* Begin PBXResourcesBuildPhase section */
		1D60588D0D05DD3D006BFB54 /* Resources */ = {
			isa = PBXResourcesBuildPhase;
			buildActionMask = 2147483647;
			files = (
				302D95F214D2391D003F00A1 /* MainViewController.xib in Resources */,
				0207DA581B56EA530066E2B4 /* Images.xcassets in Resources */,
				6AFF5BF91D6E424B00AB3073 /* CDVLaunchScreen.storyboard in Resources */,
				8B74A9AE499A43F895C2CF63 /* CDVNotification.bundle in Resources */,
				71FDDA6BB26E45D38AA81237 /* CDVCapture.bundle in Resources */,
				2D7CB29E95E848F5B0F2CED3 /* scannerOverlay.xib in Resources */,
				E2F847E1BFD1432F94563979 /* CDVBarcodeScanner.bundle in Resources */,
			);
			runOnlyForDeploymentPostprocessing = 0;
		};
/* End PBXResourcesBuildPhase section */

/* Begin PBXShellScriptBuildPhase section */
		304B58A110DAC018002A0835 /* Copy www directory */ = {
			isa = PBXShellScriptBuildPhase;
			buildActionMask = 2147483647;
			files = (
			);
			inputPaths = (
			);
			name = "Copy www directory";
			outputPaths = (
			);
			runOnlyForDeploymentPostprocessing = 0;
			shellPath = /bin/sh;
			shellScript = "NODEJS_PATH=/usr/local/bin; NVM_NODE_PATH=~/.nvm/versions/node/`nvm version 2>/dev/null`/bin; N_NODE_PATH=`find /usr/local/n/versions/node/* -maxdepth 0 -type d 2>/dev/null | tail -1`/bin; XCODE_NODE_PATH=`xcode-select --print-path`/usr/share/xcs/Node/bin; PATH=$NODEJS_PATH:$NVM_NODE_PATH:$N_NODE_PATH:$XCODE_NODE_PATH:$PATH && node cordova/lib/copy-www-build-step.js";
			showEnvVarsInLog = 0;
		};
/* End PBXShellScriptBuildPhase section */

/* Begin PBXSourcesBuildPhase section */
		1D60588E0D05DD3D006BFB54 /* Sources */ = {
			isa = PBXSourcesBuildPhase;
			buildActionMask = 2147483647;
			files = (
				1D60589B0D05DD56006BFB54 /* main.m in Sources */,
				1D3623260D0F684500981E51 /* AppDelegate.m in Sources */,
				302D95F114D2391D003F00A1 /* MainViewController.m in Sources */,
				B02796EFDD764CA6AB4B2464 /* CDVBattery.m in Sources */,
				9B9D3CBFCB4B4122B13A0EEC /* UIImage+CropScaleOrientation.m in Sources */,
				17A9A995EFDD4F689E4E70B0 /* CDVCamera.m in Sources */,
				2A137EC381C34B778C8AEC4B /* CDVJpegHeaderWriter.m in Sources */,
				166945A700474CAB991B9C56 /* CDVDevice.m in Sources */,
				5D329509ADB242C9BFB60045 /* CDVNotification.m in Sources */,
				AC3A2F526F74461BA09445A6 /* CDVFile.m in Sources */,
				2D61827BCC0F44E181147B66 /* CDVLocalFilesystem.m in Sources */,
				092069D858D8402EA3199CA4 /* CDVAssetLibraryFilesystem.m in Sources */,
				587A08BBFB2349088E03E930 /* CDVFileTransfer.m in Sources */,
				AB34294DD8C846A9A849D07C /* CDVLocation.m in Sources */,
				9A7AF1F036C648D49917A059 /* CDVGlobalization.m in Sources */,
				042B0DBC365441058C444A5C /* CDVInAppBrowser.m in Sources */,
				AA34E75575C4466CB811B15C /* CDVCapture.m in Sources */,
				167B7F24843A422D938BCEE5 /* CDVConnection.m in Sources */,
				A6CB19B1DD144EDE930A556B /* CDVReachability.m in Sources */,
				B98C4B44700E4EF7A9957F7B /* CDVPinDialog.m in Sources */,
				CEF409AA853C4285ABDCDA76 /* CDVOrientation.m in Sources */,
				9FC96F42B86647409D28301F /* TouchID.m in Sources */,
				B82DA7A4C5434D40BA91F2B9 /* CDVVibration.m in Sources */,
				DA785548A25E43378A7DC01A /* CDVBarcodeScanner.mm in Sources */,
				7280C4226ABB478B98E9722C /* zxing-all-in-one.cpp in Sources */,
			);
			runOnlyForDeploymentPostprocessing = 0;
		};
/* End PBXSourcesBuildPhase section */

/* Begin PBXTargetDependency section */
		301BF551109A68C00062928A /* PBXTargetDependency */ = {
			isa = PBXTargetDependency;
			name = CordovaLib;
			targetProxy = 301BF550109A68C00062928A /* PBXContainerItemProxy */;
		};
/* End PBXTargetDependency section */

/* Begin XCBuildConfiguration section */
		1D6058940D05DD3E006BFB54 /* Debug */ = {
			isa = XCBuildConfiguration;
			baseConfigurationReference = 3047A50F1AB8059700498E2A /* build-debug.xcconfig */;
			buildSettings = {
				ALWAYS_SEARCH_USER_PATHS = NO;
				ASSETCATALOG_COMPILER_APPICON_NAME = AppIcon;
				ASSETCATALOG_COMPILER_LAUNCHIMAGE_NAME = LaunchImage;
				CLANG_ENABLE_MODULES = YES;
				CLANG_ENABLE_OBJC_ARC = YES;
				COPY_PHASE_STRIP = NO;
				DEVELOPMENT_TEAM = V67X43U2L2;
				GCC_DYNAMIC_NO_PIC = NO;
				GCC_OPTIMIZATION_LEVEL = 0;
				GCC_PRECOMPILE_PREFIX_HEADER = YES;
				GCC_PREFIX_HEADER = "Field Technician/Field Technician-Prefix.pch";
				GCC_THUMB_SUPPORT = NO;
				GCC_VERSION = "";
				INFOPLIST_FILE = "Field Technician/Field Technician-Info.plist";
				IPHONEOS_DEPLOYMENT_TARGET = 9.0;
				LD_RUNPATH_SEARCH_PATHS = "@executable_path/Frameworks";
				PRODUCT_NAME = "Field Technician";
				TARGETED_DEVICE_FAMILY = "1,2";
			};
			name = Debug;
		};
		1D6058950D05DD3E006BFB54 /* Release */ = {
			isa = XCBuildConfiguration;
			baseConfigurationReference = 3047A5101AB8059700498E2A /* build-release.xcconfig */;
			buildSettings = {
				ALWAYS_SEARCH_USER_PATHS = NO;
				ASSETCATALOG_COMPILER_APPICON_NAME = AppIcon;
				ASSETCATALOG_COMPILER_LAUNCHIMAGE_NAME = LaunchImage;
				CLANG_ENABLE_MODULES = YES;
				CLANG_ENABLE_OBJC_ARC = YES;
				CODE_SIGN_IDENTITY = "iPhone Developer";
				COPY_PHASE_STRIP = YES;
				DEVELOPMENT_TEAM = V67X43U2L2;
				GCC_PRECOMPILE_PREFIX_HEADER = YES;
				GCC_PREFIX_HEADER = "Field Technician/Field Technician-Prefix.pch";
				GCC_THUMB_SUPPORT = NO;
				GCC_VERSION = "";
				INFOPLIST_FILE = "Field Technician/Field Technician-Info.plist";
				IPHONEOS_DEPLOYMENT_TARGET = 9.0;
				LD_RUNPATH_SEARCH_PATHS = "@executable_path/Frameworks";
				PRODUCT_NAME = "Field Technician";
				TARGETED_DEVICE_FAMILY = "1,2";
			};
			name = Release;
		};
		C01FCF4F08A954540054247B /* Debug */ = {
			isa = XCBuildConfiguration;
			baseConfigurationReference = 3047A5111AB8059700498E2A /* build.xcconfig */;
			buildSettings = {
				ASSETCATALOG_COMPILER_LAUNCHIMAGE_NAME = LaunchImage;
				CLANG_ENABLE_MODULES = YES;
				CLANG_ENABLE_OBJC_ARC = YES;
				CLANG_WARN_BOOL_CONVERSION = YES;
				CLANG_WARN_CONSTANT_CONVERSION = YES;
				CLANG_WARN_EMPTY_BODY = YES;
				CLANG_WARN_ENUM_CONVERSION = YES;
				CLANG_WARN_INT_CONVERSION = YES;
				CLANG_WARN__DUPLICATE_METHOD_MATCH = YES;
				GCC_C_LANGUAGE_STANDARD = c99;
				GCC_THUMB_SUPPORT = NO;
				GCC_VERSION = "";
				GCC_WARN_ABOUT_RETURN_TYPE = YES;
				GCC_WARN_UNDECLARED_SELECTOR = YES;
				GCC_WARN_UNINITIALIZED_AUTOS = YES;
				GCC_WARN_UNUSED_FUNCTION = YES;
				GCC_WARN_UNUSED_VARIABLE = YES;
				ONLY_ACTIVE_ARCH = YES;
				SDKROOT = iphoneos;
				SKIP_INSTALL = NO;
			};
			name = Debug;
		};
		C01FCF5008A954540054247B /* Release */ = {
			isa = XCBuildConfiguration;
			baseConfigurationReference = 3047A5111AB8059700498E2A /* build.xcconfig */;
			buildSettings = {
				ASSETCATALOG_COMPILER_LAUNCHIMAGE_NAME = LaunchImage;
				CLANG_ENABLE_MODULES = YES;
				CLANG_ENABLE_OBJC_ARC = YES;
				CLANG_WARN_BOOL_CONVERSION = YES;
				CLANG_WARN_CONSTANT_CONVERSION = YES;
				CLANG_WARN_EMPTY_BODY = YES;
				CLANG_WARN_ENUM_CONVERSION = YES;
				CLANG_WARN_INT_CONVERSION = YES;
				CLANG_WARN__DUPLICATE_METHOD_MATCH = YES;
				GCC_C_LANGUAGE_STANDARD = c99;
				GCC_THUMB_SUPPORT = NO;
				GCC_VERSION = "";
				GCC_WARN_ABOUT_RETURN_TYPE = YES;
				GCC_WARN_UNDECLARED_SELECTOR = YES;
				GCC_WARN_UNINITIALIZED_AUTOS = YES;
				GCC_WARN_UNUSED_FUNCTION = YES;
				GCC_WARN_UNUSED_VARIABLE = YES;
				SDKROOT = iphoneos;
				SKIP_INSTALL = NO;
			};
			name = Release;
		};
/* End XCBuildConfiguration section */

/* Begin XCConfigurationList section */
		1D6058960D05DD3E006BFB54 /* Build configuration list for PBXNativeTarget "Field Technician" */ = {
			isa = XCConfigurationList;
			buildConfigurations = (
				1D6058940D05DD3E006BFB54 /* Debug */,
				1D6058950D05DD3E006BFB54 /* Release */,
			);
			defaultConfigurationIsVisible = 0;
			defaultConfigurationName = Release;
		};
		C01FCF4E08A954540054247B /* Build configuration list for PBXProject "Field Technician" */ = {
			isa = XCConfigurationList;
			buildConfigurations = (
				C01FCF4F08A954540054247B /* Debug */,
				C01FCF5008A954540054247B /* Release */,
			);
			defaultConfigurationIsVisible = 0;
			defaultConfigurationName = Release;
		};
/* End XCConfigurationList section */
	};
	rootObject = 29B97313FDCFA39411CA2CEA /* Project object */;
}
